// !$*UTF8*$!
{
	archiveVersion = 1;
	classes = {
	};
	objectVersion = 56;
	objects = {

/* Begin PBXBuildFile section */
		2309274629AB864300059B0C /* MMOneApp.swift in Sources */ = {isa = PBXBuildFile; fileRef = 2309274529AB864300059B0C /* MMOneApp.swift */; };
		2309274829AB864300059B0C /* ContentView.swift in Sources */ = {isa = PBXBuildFile; fileRef = 2309274729AB864300059B0C /* ContentView.swift */; };
		2309274A29AB864400059B0C /* Assets.xcassets in Resources */ = {isa = PBXBuildFile; fileRef = 2309274929AB864400059B0C /* Assets.xcassets */; };
		2309274D29AB864400059B0C /* Preview Assets.xcassets in Resources */ = {isa = PBXBuildFile; fileRef = 2309274C29AB864400059B0C /* Preview Assets.xcassets */; };
		2309275729AB864500059B0C /* BaseDesignPatternTests.swift in Sources */ = {isa = PBXBuildFile; fileRef = 2309275629AB864500059B0C /* BaseDesignPatternTests.swift */; };
		2309276129AB864500059B0C /* BaseDesignPatternUITests.swift in Sources */ = {isa = PBXBuildFile; fileRef = 2309276029AB864500059B0C /* BaseDesignPatternUITests.swift */; };
		2309276329AB864500059B0C /* BaseDesignPatternUITestsLaunchTests.swift in Sources */ = {isa = PBXBuildFile; fileRef = 2309276229AB864500059B0C /* BaseDesignPatternUITestsLaunchTests.swift */; };
		4E1FDE8A2A9332D700EB9891 /* SwiftExtension.swift in Sources */ = {isa = PBXBuildFile; fileRef = 4E1FDE892A9332D600EB9891 /* SwiftExtension.swift */; };
		4E1FDE8F2A93342B00EB9891 /* Person.m in Sources */ = {isa = PBXBuildFile; fileRef = 4E1FDE8E2A93342B00EB9891 /* Person.m */; };
		4E1FDE922A93370400EB9891 /* Person+Group.m in Sources */ = {isa = PBXBuildFile; fileRef = 4E1FDE912A93370400EB9891 /* Person+Group.m */; };
		4E2C132F2A6BDA440065DB5E /* MVVMCode.swift in Sources */ = {isa = PBXBuildFile; fileRef = 4E2C132E2A6BDA440065DB5E /* MVVMCode.swift */; };
		4E2C13312A6BDAA70065DB5E /* VIPERCode.swift in Sources */ = {isa = PBXBuildFile; fileRef = 4E2C13302A6BDAA70065DB5E /* VIPERCode.swift */; };
		4E2C13362A6C324E0065DB5E /* TodoInteractorTest.swift in Sources */ = {isa = PBXBuildFile; fileRef = 4E2C13352A6C324E0065DB5E /* TodoInteractorTest.swift */; };
		4E2C13382A6C326E0065DB5E /* MockTodoInteractorTest.swift in Sources */ = {isa = PBXBuildFile; fileRef = 4E2C13372A6C326E0065DB5E /* MockTodoInteractorTest.swift */; };
		4E2C74A22A7896A3003F3E6F /* SwiftChains.swift in Sources */ = {isa = PBXBuildFile; fileRef = 4E2C74A12A7896A3003F3E6F /* SwiftChains.swift */; };
		4E3D48922A9397C00062E029 /* ReadAndWriteLock.swift in Sources */ = {isa = PBXBuildFile; fileRef = 4E3D48912A9397C00062E029 /* ReadAndWriteLock.swift */; };
		4E3D48942A939B9A0062E029 /* AtomicPropertyLock.swift in Sources */ = {isa = PBXBuildFile; fileRef = 4E3D48932A939B9A0062E029 /* AtomicPropertyLock.swift */; };
		4E731B652AAF2B41005F7BA5 /* DynamicContainerView.swift in Sources */ = {isa = PBXBuildFile; fileRef = 4E731B642AAF2B41005F7BA5 /* DynamicContainerView.swift */; };
		4E731B682AAF2BA6005F7BA5 /* DynamicNotifView.swift in Sources */ = {isa = PBXBuildFile; fileRef = 4E731B672AAF2BA6005F7BA5 /* DynamicNotifView.swift */; };
		4E731B6A2AAF2BE4005F7BA5 /* DynamicHeaderView.swift in Sources */ = {isa = PBXBuildFile; fileRef = 4E731B692AAF2BE4005F7BA5 /* DynamicHeaderView.swift */; };
		4E731B6C2AAF2BF7005F7BA5 /* DynamicTextView.swift in Sources */ = {isa = PBXBuildFile; fileRef = 4E731B6B2AAF2BF7005F7BA5 /* DynamicTextView.swift */; };
		4E731B6E2AAF2C0C005F7BA5 /* DynamicImagesView.swift in Sources */ = {isa = PBXBuildFile; fileRef = 4E731B6D2AAF2C0C005F7BA5 /* DynamicImagesView.swift */; };
		4E731B702AAF2C1F005F7BA5 /* DynamicVoteView.swift in Sources */ = {isa = PBXBuildFile; fileRef = 4E731B6F2AAF2C1F005F7BA5 /* DynamicVoteView.swift */; };
		4E731B742AAF2C4F005F7BA5 /* DynamicTopicView.swift in Sources */ = {isa = PBXBuildFile; fileRef = 4E731B732AAF2C4F005F7BA5 /* DynamicTopicView.swift */; };
		4E731B762AAF2C5D005F7BA5 /* DynamicStandView.swift in Sources */ = {isa = PBXBuildFile; fileRef = 4E731B752AAF2C5D005F7BA5 /* DynamicStandView.swift */; };
		4E731B782AAF2C6D005F7BA5 /* DynamicShareView.swift in Sources */ = {isa = PBXBuildFile; fileRef = 4E731B772AAF2C6D005F7BA5 /* DynamicShareView.swift */; };
		4E731B7A2AAF3C2E005F7BA5 /* DynamicCellViewModel.swift in Sources */ = {isa = PBXBuildFile; fileRef = 4E731B792AAF3C2E005F7BA5 /* DynamicCellViewModel.swift */; };
		4E88B8982A6430A500BFDB59 /* MVCCode.swift in Sources */ = {isa = PBXBuildFile; fileRef = 4E88B8972A6430A500BFDB59 /* MVCCode.swift */; };
		4EA7102B2A8F627700F076F9 /* LRU.swift in Sources */ = {isa = PBXBuildFile; fileRef = 4EA7102A2A8F627700F076F9 /* LRU.swift */; };
		4EAD44392A54F9BA00E3FEBA /* README.md in Resources */ = {isa = PBXBuildFile; fileRef = 4EAD44382A54F9BA00E3FEBA /* README.md */; };
		4EAD443C2A54FCF600E3FEBA /* SpriteFigureView.swift in Sources */ = {isa = PBXBuildFile; fileRef = 4EAD443B2A54FCF600E3FEBA /* SpriteFigureView.swift */; };
		4EAD443E2A54FD0D00E3FEBA /* SpriteFigureParser.swift in Sources */ = {isa = PBXBuildFile; fileRef = 4EAD443D2A54FD0D00E3FEBA /* SpriteFigureParser.swift */; };
		4ECB0D892A54473900DEA60A /* Kingfisher in Frameworks */ = {isa = PBXBuildFile; productRef = 4ECB0D882A54473900DEA60A /* Kingfisher */; };
		4ECB0D8C2A54485E00DEA60A /* SwiftUIX in Frameworks */ = {isa = PBXBuildFile; productRef = 4ECB0D8B2A54485E00DEA60A /* SwiftUIX */; };
		4ECB0D8F2A54491F00DEA60A /* Swinject in Frameworks */ = {isa = PBXBuildFile; productRef = 4ECB0D8E2A54491F00DEA60A /* Swinject */; };
		4ECBF1FC2A53B02900DEA60A /* Swift5_8_features.swift in Sources */ = {isa = PBXBuildFile; fileRef = 4ECBF1FB2A53B02900DEA60A /* Swift5_8_features.swift */; };
		4ECBF2032A53B1A300DEA60A /* MultiColumns.swift in Sources */ = {isa = PBXBuildFile; fileRef = 4ECBF1FF2A53B1A300DEA60A /* MultiColumns.swift */; };
		4ECBF2042A53B1A300DEA60A /* HLSPlayerView.swift in Sources */ = {isa = PBXBuildFile; fileRef = 4ECBF2012A53B1A300DEA60A /* HLSPlayerView.swift */; };
		4ECBF2052A53B1A300DEA60A /* RTMPPlayerView.swift in Sources */ = {isa = PBXBuildFile; fileRef = 4ECBF2022A53B1A300DEA60A /* RTMPPlayerView.swift */; };
		4ECBF22F2A53B1AE00DEA60A /* TextRoomView.swift in Sources */ = {isa = PBXBuildFile; fileRef = 4ECBF2082A53B1AE00DEA60A /* TextRoomView.swift */; };
		4ECBF2302A53B1AE00DEA60A /* LiveRoomInputBoxServiceProtocol.swift in Sources */ = {isa = PBXBuildFile; fileRef = 4ECBF20C2A53B1AE00DEA60A /* LiveRoomInputBoxServiceProtocol.swift */; };
		4ECBF2312A53B1AE00DEA60A /* LiveRoomInputBoxController.swift in Sources */ = {isa = PBXBuildFile; fileRef = 4ECBF20D2A53B1AE00DEA60A /* LiveRoomInputBoxController.swift */; };
		4ECBF2322A53B1AE00DEA60A /* LiveRoomDanmuBoxController.swift in Sources */ = {isa = PBXBuildFile; fileRef = 4ECBF20F2A53B1AE00DEA60A /* LiveRoomDanmuBoxController.swift */; };
		4ECBF2332A53B1AE00DEA60A /* LiveRoomDanmuBoxServiceProtocol.swift in Sources */ = {isa = PBXBuildFile; fileRef = 4ECBF2102A53B1AE00DEA60A /* LiveRoomDanmuBoxServiceProtocol.swift */; };
		4ECBF2342A53B1AE00DEA60A /* LiveRoomDelegatePublisher.swift in Sources */ = {isa = PBXBuildFile; fileRef = 4ECBF2122A53B1AE00DEA60A /* LiveRoomDelegatePublisher.swift */; };
		4ECBF2352A53B1AE00DEA60A /* LiveRoomBoxes.json in Resources */ = {isa = PBXBuildFile; fileRef = 4ECBF2132A53B1AE00DEA60A /* LiveRoomBoxes.json */; };
		4ECBF2362A53B1AE00DEA60A /* LiveRoomDelegate.swift in Sources */ = {isa = PBXBuildFile; fileRef = 4ECBF2142A53B1AE00DEA60A /* LiveRoomDelegate.swift */; };
		4ECBF2372A53B1AE00DEA60A /* LiveRoomRegister.swift in Sources */ = {isa = PBXBuildFile; fileRef = 4ECBF2152A53B1AE00DEA60A /* LiveRoomRegister.swift */; };
		4ECBF2382A53B1AE00DEA60A /* LiveRoomLayoutDescriptor.swift in Sources */ = {isa = PBXBuildFile; fileRef = 4ECBF2162A53B1AE00DEA60A /* LiveRoomLayoutDescriptor.swift */; };
		4ECBF2392A53B1AE00DEA60A /* LiveRoomView.swift in Sources */ = {isa = PBXBuildFile; fileRef = 4ECBF2172A53B1AE00DEA60A /* LiveRoomView.swift */; };
		4ECBF23A2A53B1AE00DEA60A /* LiveRoomBaseUIBoxController.swift in Sources */ = {isa = PBXBuildFile; fileRef = 4ECBF21A2A53B1AE00DEA60A /* LiveRoomBaseUIBoxController.swift */; };
		4ECBF23B2A53B1AE00DEA60A /* LiveRoomUIServiceProtocol.swift in Sources */ = {isa = PBXBuildFile; fileRef = 4ECBF21B2A53B1AE00DEA60A /* LiveRoomUIServiceProtocol.swift */; };
		4ECBF23C2A53B1AE00DEA60A /* LiveScrollContainer.swift in Sources */ = {isa = PBXBuildFile; fileRef = 4ECBF21C2A53B1AE00DEA60A /* LiveScrollContainer.swift */; };
		4ECBF23D2A53B1AE00DEA60A /* AppDeleagateDispatcher.swift in Sources */ = {isa = PBXBuildFile; fileRef = 4ECBF21E2A53B1AE00DEA60A /* AppDeleagateDispatcher.swift */; };
		4ECBF23E2A53B1AE00DEA60A /* MVPDelegate.swift in Sources */ = {isa = PBXBuildFile; fileRef = 4ECBF21F2A53B1AE00DEA60A /* MVPDelegate.swift */; };
		4ECBF23F2A53B1AE00DEA60A /* HomeAppDelegate.swift in Sources */ = {isa = PBXBuildFile; fileRef = 4ECBF2212A53B1AE00DEA60A /* HomeAppDelegate.swift */; };
		4ECBF2402A53B1AE00DEA60A /* ADAppDelegate.swift in Sources */ = {isa = PBXBuildFile; fileRef = 4ECBF2222A53B1AE00DEA60A /* ADAppDelegate.swift */; };
		4ECBF2412A53B1AE00DEA60A /* HomeVideoCell.swift in Sources */ = {isa = PBXBuildFile; fileRef = 4ECBF2262A53B1AE00DEA60A /* HomeVideoCell.swift */; };
		4ECBF2422A53B1AE00DEA60A /* HomeNormalCell.swift in Sources */ = {isa = PBXBuildFile; fileRef = 4ECBF2272A53B1AE00DEA60A /* HomeNormalCell.swift */; };
		4ECBF2432A53B1AE00DEA60A /* HomeCellView.swift in Sources */ = {isa = PBXBuildFile; fileRef = 4ECBF2282A53B1AE00DEA60A /* HomeCellView.swift */; };
		4ECBF2442A53B1AE00DEA60A /* HomeBannerCell.swift in Sources */ = {isa = PBXBuildFile; fileRef = 4ECBF2292A53B1AE00DEA60A /* HomeBannerCell.swift */; };
		4ECBF2452A53B1AE00DEA60A /* HomeContentView.swift in Sources */ = {isa = PBXBuildFile; fileRef = 4ECBF22A2A53B1AE00DEA60A /* HomeContentView.swift */; };
		4ECBF2462A53B1AE00DEA60A /* HomeTabView.swift in Sources */ = {isa = PBXBuildFile; fileRef = 4ECBF22B2A53B1AE00DEA60A /* HomeTabView.swift */; };
		4ECBF2472A53B1AE00DEA60A /* HomeHeadView.swift in Sources */ = {isa = PBXBuildFile; fileRef = 4ECBF22C2A53B1AE00DEA60A /* HomeHeadView.swift */; };
		4ECBF2482A53B1AE00DEA60A /* LoadingDataFromFile.swift in Sources */ = {isa = PBXBuildFile; fileRef = 4ECBF22D2A53B1AE00DEA60A /* LoadingDataFromFile.swift */; };
		4ECBF2492A53B1AE00DEA60A /* TimeWindow.swift in Sources */ = {isa = PBXBuildFile; fileRef = 4ECBF22E2A53B1AE00DEA60A /* TimeWindow.swift */; };
		4EEED3872A962F5B003FB0FA /* DynamicVM.swift in Sources */ = {isa = PBXBuildFile; fileRef = 4EEED3862A962F5B003FB0FA /* DynamicVM.swift */; };
		4EEED3892A9641B6003FB0FA /* LiveRainbowRoomView.swift in Sources */ = {isa = PBXBuildFile; fileRef = 4EEED3882A9641B6003FB0FA /* LiveRainbowRoomView.swift */; };
		E829811C2E42C84746E0D038 /* References in Resources */ = {isa = PBXBuildFile; fileRef = E829836C0DC17DBC43F087C7 /* References */; };
		E8298899BC2F85EE75307F1D /* Base.swift in Sources */ = {isa = PBXBuildFile; fileRef = E82982CEA7514339799C94CE /* Base.swift */; };
		E8298A287E711DBA79B1F87F /* CreativeDesign.swift in Sources */ = {isa = PBXBuildFile; fileRef = E8298FE814F2F9DAFDDD9A9D /* CreativeDesign.swift */; };
		E8298C2F6BC409C3071440B3 /* StructuralDesign.swift in Sources */ = {isa = PBXBuildFile; fileRef = E829825D48BCB0C8EF2FC6B5 /* StructuralDesign.swift */; };
/* End PBXBuildFile section */

/* Begin PBXContainerItemProxy section */
		2309275329AB864500059B0C /* PBXContainerItemProxy */ = {
			isa = PBXContainerItemProxy;
			containerPortal = 2309273A29AB864300059B0C /* Project object */;
			proxyType = 1;
			remoteGlobalIDString = 2309274129AB864300059B0C;
			remoteInfo = BaseDesignPattern;
		};
		2309275D29AB864500059B0C /* PBXContainerItemProxy */ = {
			isa = PBXContainerItemProxy;
			containerPortal = 2309273A29AB864300059B0C /* Project object */;
			proxyType = 1;
			remoteGlobalIDString = 2309274129AB864300059B0C;
			remoteInfo = BaseDesignPattern;
		};
/* End PBXContainerItemProxy section */

/* Begin PBXFileReference section */
		2309274229AB864300059B0C /* MMOne.app */ = {isa = PBXFileReference; explicitFileType = wrapper.application; includeInIndex = 0; path = MMOne.app; sourceTree = BUILT_PRODUCTS_DIR; };
		2309274529AB864300059B0C /* MMOneApp.swift */ = {isa = PBXFileReference; lastKnownFileType = sourcecode.swift; path = MMOneApp.swift; sourceTree = "<group>"; };
		2309274729AB864300059B0C /* ContentView.swift */ = {isa = PBXFileReference; lastKnownFileType = sourcecode.swift; path = ContentView.swift; sourceTree = "<group>"; };
		2309274929AB864400059B0C /* Assets.xcassets */ = {isa = PBXFileReference; lastKnownFileType = folder.assetcatalog; path = Assets.xcassets; sourceTree = "<group>"; };
		2309274C29AB864400059B0C /* Preview Assets.xcassets */ = {isa = PBXFileReference; lastKnownFileType = folder.assetcatalog; path = "Preview Assets.xcassets"; sourceTree = "<group>"; };
		2309275229AB864500059B0C /* MMOneTests.xctest */ = {isa = PBXFileReference; explicitFileType = wrapper.cfbundle; includeInIndex = 0; path = MMOneTests.xctest; sourceTree = BUILT_PRODUCTS_DIR; };
		2309275629AB864500059B0C /* BaseDesignPatternTests.swift */ = {isa = PBXFileReference; lastKnownFileType = sourcecode.swift; path = BaseDesignPatternTests.swift; sourceTree = "<group>"; };
		2309275C29AB864500059B0C /* MMOneUITests.xctest */ = {isa = PBXFileReference; explicitFileType = wrapper.cfbundle; includeInIndex = 0; path = MMOneUITests.xctest; sourceTree = BUILT_PRODUCTS_DIR; };
		2309276029AB864500059B0C /* BaseDesignPatternUITests.swift */ = {isa = PBXFileReference; lastKnownFileType = sourcecode.swift; path = BaseDesignPatternUITests.swift; sourceTree = "<group>"; };
		2309276229AB864500059B0C /* BaseDesignPatternUITestsLaunchTests.swift */ = {isa = PBXFileReference; lastKnownFileType = sourcecode.swift; path = BaseDesignPatternUITestsLaunchTests.swift; sourceTree = "<group>"; };
		4E1FDE892A9332D600EB9891 /* SwiftExtension.swift */ = {isa = PBXFileReference; lastKnownFileType = sourcecode.swift; path = SwiftExtension.swift; sourceTree = "<group>"; };
		4E1FDE8B2A9333F800EB9891 /* MMOne-Bridging-Header.h */ = {isa = PBXFileReference; lastKnownFileType = sourcecode.c.h; path = "MMOne-Bridging-Header.h"; sourceTree = "<group>"; };
		4E1FDE8C2A9333F900EB9891 /* NSObject+Person.h */ = {isa = PBXFileReference; lastKnownFileType = sourcecode.c.h; path = "NSObject+Person.h"; sourceTree = "<group>"; };
		4E1FDE8D2A93342B00EB9891 /* Person.h */ = {isa = PBXFileReference; lastKnownFileType = sourcecode.c.h; path = Person.h; sourceTree = "<group>"; };
		4E1FDE8E2A93342B00EB9891 /* Person.m */ = {isa = PBXFileReference; lastKnownFileType = sourcecode.c.objc; path = Person.m; sourceTree = "<group>"; };
		4E1FDE902A93370400EB9891 /* Person+Group.h */ = {isa = PBXFileReference; lastKnownFileType = sourcecode.c.h; path = "Person+Group.h"; sourceTree = "<group>"; };
		4E1FDE912A93370400EB9891 /* Person+Group.m */ = {isa = PBXFileReference; lastKnownFileType = sourcecode.c.objc; path = "Person+Group.m"; sourceTree = "<group>"; };
		4E2C132E2A6BDA440065DB5E /* MVVMCode.swift */ = {isa = PBXFileReference; lastKnownFileType = sourcecode.swift; path = MVVMCode.swift; sourceTree = "<group>"; };
		4E2C13302A6BDAA70065DB5E /* VIPERCode.swift */ = {isa = PBXFileReference; lastKnownFileType = sourcecode.swift; path = VIPERCode.swift; sourceTree = "<group>"; };
		4E2C13352A6C324E0065DB5E /* TodoInteractorTest.swift */ = {isa = PBXFileReference; lastKnownFileType = sourcecode.swift; path = TodoInteractorTest.swift; sourceTree = "<group>"; };
		4E2C13372A6C326E0065DB5E /* MockTodoInteractorTest.swift */ = {isa = PBXFileReference; lastKnownFileType = sourcecode.swift; path = MockTodoInteractorTest.swift; sourceTree = "<group>"; };
		4E2C74A12A7896A3003F3E6F /* SwiftChains.swift */ = {isa = PBXFileReference; lastKnownFileType = sourcecode.swift; path = SwiftChains.swift; sourceTree = "<group>"; };
		4E3D48912A9397C00062E029 /* ReadAndWriteLock.swift */ = {isa = PBXFileReference; lastKnownFileType = sourcecode.swift; path = ReadAndWriteLock.swift; sourceTree = "<group>"; };
		4E3D48932A939B9A0062E029 /* AtomicPropertyLock.swift */ = {isa = PBXFileReference; lastKnownFileType = sourcecode.swift; path = AtomicPropertyLock.swift; sourceTree = "<group>"; };
		4E731B642AAF2B41005F7BA5 /* DynamicContainerView.swift */ = {isa = PBXFileReference; lastKnownFileType = sourcecode.swift; path = DynamicContainerView.swift; sourceTree = "<group>"; };
		4E731B672AAF2BA6005F7BA5 /* DynamicNotifView.swift */ = {isa = PBXFileReference; lastKnownFileType = sourcecode.swift; path = DynamicNotifView.swift; sourceTree = "<group>"; };
		4E731B692AAF2BE4005F7BA5 /* DynamicHeaderView.swift */ = {isa = PBXFileReference; lastKnownFileType = sourcecode.swift; path = DynamicHeaderView.swift; sourceTree = "<group>"; };
		4E731B6B2AAF2BF7005F7BA5 /* DynamicTextView.swift */ = {isa = PBXFileReference; lastKnownFileType = sourcecode.swift; path = DynamicTextView.swift; sourceTree = "<group>"; };
		4E731B6D2AAF2C0C005F7BA5 /* DynamicImagesView.swift */ = {isa = PBXFileReference; lastKnownFileType = sourcecode.swift; path = DynamicImagesView.swift; sourceTree = "<group>"; };
		4E731B6F2AAF2C1F005F7BA5 /* DynamicVoteView.swift */ = {isa = PBXFileReference; lastKnownFileType = sourcecode.swift; path = DynamicVoteView.swift; sourceTree = "<group>"; };
		4E731B732AAF2C4F005F7BA5 /* DynamicTopicView.swift */ = {isa = PBXFileReference; lastKnownFileType = sourcecode.swift; path = DynamicTopicView.swift; sourceTree = "<group>"; };
		4E731B752AAF2C5D005F7BA5 /* DynamicStandView.swift */ = {isa = PBXFileReference; lastKnownFileType = sourcecode.swift; path = DynamicStandView.swift; sourceTree = "<group>"; };
		4E731B772AAF2C6D005F7BA5 /* DynamicShareView.swift */ = {isa = PBXFileReference; lastKnownFileType = sourcecode.swift; path = DynamicShareView.swift; sourceTree = "<group>"; };
		4E731B792AAF3C2E005F7BA5 /* DynamicCellViewModel.swift */ = {isa = PBXFileReference; lastKnownFileType = sourcecode.swift; path = DynamicCellViewModel.swift; sourceTree = "<group>"; };
		4E88B8972A6430A500BFDB59 /* MVCCode.swift */ = {isa = PBXFileReference; lastKnownFileType = sourcecode.swift; path = MVCCode.swift; sourceTree = "<group>"; };
		4EA7102A2A8F627700F076F9 /* LRU.swift */ = {isa = PBXFileReference; lastKnownFileType = sourcecode.swift; path = LRU.swift; sourceTree = "<group>"; };
		4EAD44382A54F9BA00E3FEBA /* README.md */ = {isa = PBXFileReference; fileEncoding = 4; lastKnownFileType = net.daringfireball.markdown; name = README.md; path = ../README.md; sourceTree = "<group>"; };
		4EAD443B2A54FCF600E3FEBA /* SpriteFigureView.swift */ = {isa = PBXFileReference; lastKnownFileType = sourcecode.swift; path = SpriteFigureView.swift; sourceTree = "<group>"; };
		4EAD443D2A54FD0D00E3FEBA /* SpriteFigureParser.swift */ = {isa = PBXFileReference; lastKnownFileType = sourcecode.swift; path = SpriteFigureParser.swift; sourceTree = "<group>"; };
		4ECBF1FB2A53B02900DEA60A /* Swift5_8_features.swift */ = {isa = PBXFileReference; fileEncoding = 4; lastKnownFileType = sourcecode.swift; path = Swift5_8_features.swift; sourceTree = "<group>"; };
		4ECBF1FF2A53B1A300DEA60A /* MultiColumns.swift */ = {isa = PBXFileReference; fileEncoding = 4; lastKnownFileType = sourcecode.swift; path = MultiColumns.swift; sourceTree = "<group>"; };
		4ECBF2012A53B1A300DEA60A /* HLSPlayerView.swift */ = {isa = PBXFileReference; fileEncoding = 4; lastKnownFileType = sourcecode.swift; path = HLSPlayerView.swift; sourceTree = "<group>"; };
		4ECBF2022A53B1A300DEA60A /* RTMPPlayerView.swift */ = {isa = PBXFileReference; fileEncoding = 4; lastKnownFileType = sourcecode.swift; path = RTMPPlayerView.swift; sourceTree = "<group>"; };
		4ECBF2082A53B1AE00DEA60A /* TextRoomView.swift */ = {isa = PBXFileReference; fileEncoding = 4; lastKnownFileType = sourcecode.swift; path = TextRoomView.swift; sourceTree = "<group>"; };
		4ECBF20C2A53B1AE00DEA60A /* LiveRoomInputBoxServiceProtocol.swift */ = {isa = PBXFileReference; fileEncoding = 4; lastKnownFileType = sourcecode.swift; path = LiveRoomInputBoxServiceProtocol.swift; sourceTree = "<group>"; };
		4ECBF20D2A53B1AE00DEA60A /* LiveRoomInputBoxController.swift */ = {isa = PBXFileReference; fileEncoding = 4; lastKnownFileType = sourcecode.swift; path = LiveRoomInputBoxController.swift; sourceTree = "<group>"; };
		4ECBF20F2A53B1AE00DEA60A /* LiveRoomDanmuBoxController.swift */ = {isa = PBXFileReference; fileEncoding = 4; lastKnownFileType = sourcecode.swift; path = LiveRoomDanmuBoxController.swift; sourceTree = "<group>"; };
		4ECBF2102A53B1AE00DEA60A /* LiveRoomDanmuBoxServiceProtocol.swift */ = {isa = PBXFileReference; fileEncoding = 4; lastKnownFileType = sourcecode.swift; path = LiveRoomDanmuBoxServiceProtocol.swift; sourceTree = "<group>"; };
		4ECBF2122A53B1AE00DEA60A /* LiveRoomDelegatePublisher.swift */ = {isa = PBXFileReference; fileEncoding = 4; lastKnownFileType = sourcecode.swift; path = LiveRoomDelegatePublisher.swift; sourceTree = "<group>"; };
		4ECBF2132A53B1AE00DEA60A /* LiveRoomBoxes.json */ = {isa = PBXFileReference; fileEncoding = 4; lastKnownFileType = text.json; path = LiveRoomBoxes.json; sourceTree = "<group>"; };
		4ECBF2142A53B1AE00DEA60A /* LiveRoomDelegate.swift */ = {isa = PBXFileReference; fileEncoding = 4; lastKnownFileType = sourcecode.swift; path = LiveRoomDelegate.swift; sourceTree = "<group>"; };
		4ECBF2152A53B1AE00DEA60A /* LiveRoomRegister.swift */ = {isa = PBXFileReference; fileEncoding = 4; lastKnownFileType = sourcecode.swift; path = LiveRoomRegister.swift; sourceTree = "<group>"; };
		4ECBF2162A53B1AE00DEA60A /* LiveRoomLayoutDescriptor.swift */ = {isa = PBXFileReference; fileEncoding = 4; lastKnownFileType = sourcecode.swift; path = LiveRoomLayoutDescriptor.swift; sourceTree = "<group>"; };
		4ECBF2172A53B1AE00DEA60A /* LiveRoomView.swift */ = {isa = PBXFileReference; fileEncoding = 4; lastKnownFileType = sourcecode.swift; path = LiveRoomView.swift; sourceTree = "<group>"; };
		4ECBF21A2A53B1AE00DEA60A /* LiveRoomBaseUIBoxController.swift */ = {isa = PBXFileReference; fileEncoding = 4; lastKnownFileType = sourcecode.swift; path = LiveRoomBaseUIBoxController.swift; sourceTree = "<group>"; };
		4ECBF21B2A53B1AE00DEA60A /* LiveRoomUIServiceProtocol.swift */ = {isa = PBXFileReference; fileEncoding = 4; lastKnownFileType = sourcecode.swift; path = LiveRoomUIServiceProtocol.swift; sourceTree = "<group>"; };
		4ECBF21C2A53B1AE00DEA60A /* LiveScrollContainer.swift */ = {isa = PBXFileReference; fileEncoding = 4; lastKnownFileType = sourcecode.swift; path = LiveScrollContainer.swift; sourceTree = "<group>"; };
		4ECBF21E2A53B1AE00DEA60A /* AppDeleagateDispatcher.swift */ = {isa = PBXFileReference; fileEncoding = 4; lastKnownFileType = sourcecode.swift; path = AppDeleagateDispatcher.swift; sourceTree = "<group>"; };
		4ECBF21F2A53B1AE00DEA60A /* MVPDelegate.swift */ = {isa = PBXFileReference; fileEncoding = 4; lastKnownFileType = sourcecode.swift; path = MVPDelegate.swift; sourceTree = "<group>"; };
		4ECBF2212A53B1AE00DEA60A /* HomeAppDelegate.swift */ = {isa = PBXFileReference; fileEncoding = 4; lastKnownFileType = sourcecode.swift; path = HomeAppDelegate.swift; sourceTree = "<group>"; };
		4ECBF2222A53B1AE00DEA60A /* ADAppDelegate.swift */ = {isa = PBXFileReference; fileEncoding = 4; lastKnownFileType = sourcecode.swift; path = ADAppDelegate.swift; sourceTree = "<group>"; };
		4ECBF2262A53B1AE00DEA60A /* HomeVideoCell.swift */ = {isa = PBXFileReference; fileEncoding = 4; lastKnownFileType = sourcecode.swift; path = HomeVideoCell.swift; sourceTree = "<group>"; };
		4ECBF2272A53B1AE00DEA60A /* HomeNormalCell.swift */ = {isa = PBXFileReference; fileEncoding = 4; lastKnownFileType = sourcecode.swift; path = HomeNormalCell.swift; sourceTree = "<group>"; };
		4ECBF2282A53B1AE00DEA60A /* HomeCellView.swift */ = {isa = PBXFileReference; fileEncoding = 4; lastKnownFileType = sourcecode.swift; path = HomeCellView.swift; sourceTree = "<group>"; };
		4ECBF2292A53B1AE00DEA60A /* HomeBannerCell.swift */ = {isa = PBXFileReference; fileEncoding = 4; lastKnownFileType = sourcecode.swift; path = HomeBannerCell.swift; sourceTree = "<group>"; };
		4ECBF22A2A53B1AE00DEA60A /* HomeContentView.swift */ = {isa = PBXFileReference; fileEncoding = 4; lastKnownFileType = sourcecode.swift; path = HomeContentView.swift; sourceTree = "<group>"; };
		4ECBF22B2A53B1AE00DEA60A /* HomeTabView.swift */ = {isa = PBXFileReference; fileEncoding = 4; lastKnownFileType = sourcecode.swift; path = HomeTabView.swift; sourceTree = "<group>"; };
		4ECBF22C2A53B1AE00DEA60A /* HomeHeadView.swift */ = {isa = PBXFileReference; fileEncoding = 4; lastKnownFileType = sourcecode.swift; path = HomeHeadView.swift; sourceTree = "<group>"; };
		4ECBF22D2A53B1AE00DEA60A /* LoadingDataFromFile.swift */ = {isa = PBXFileReference; fileEncoding = 4; lastKnownFileType = sourcecode.swift; path = LoadingDataFromFile.swift; sourceTree = "<group>"; };
		4ECBF22E2A53B1AE00DEA60A /* TimeWindow.swift */ = {isa = PBXFileReference; fileEncoding = 4; lastKnownFileType = sourcecode.swift; path = TimeWindow.swift; sourceTree = "<group>"; };
		4EEED3862A962F5B003FB0FA /* DynamicVM.swift */ = {isa = PBXFileReference; lastKnownFileType = sourcecode.swift; path = DynamicVM.swift; sourceTree = "<group>"; };
		4EEED3882A9641B6003FB0FA /* LiveRainbowRoomView.swift */ = {isa = PBXFileReference; lastKnownFileType = sourcecode.swift; path = LiveRainbowRoomView.swift; sourceTree = "<group>"; };
		E829825D48BCB0C8EF2FC6B5 /* StructuralDesign.swift */ = {isa = PBXFileReference; fileEncoding = 4; lastKnownFileType = sourcecode.swift; path = StructuralDesign.swift; sourceTree = "<group>"; };
		E82982CEA7514339799C94CE /* Base.swift */ = {isa = PBXFileReference; fileEncoding = 4; lastKnownFileType = sourcecode.swift; path = Base.swift; sourceTree = "<group>"; };
		E829836C0DC17DBC43F087C7 /* References */ = {isa = PBXFileReference; fileEncoding = 4; lastKnownFileType = folder; path = References; sourceTree = "<group>"; };
		E8298FE814F2F9DAFDDD9A9D /* CreativeDesign.swift */ = {isa = PBXFileReference; fileEncoding = 4; lastKnownFileType = sourcecode.swift; path = CreativeDesign.swift; sourceTree = "<group>"; };
/* End PBXFileReference section */

/* Begin PBXFrameworksBuildPhase section */
		2309273F29AB864300059B0C /* Frameworks */ = {
			isa = PBXFrameworksBuildPhase;
			buildActionMask = 2147483647;
			files = (
				4ECB0D892A54473900DEA60A /* Kingfisher in Frameworks */,
				4ECB0D8C2A54485E00DEA60A /* SwiftUIX in Frameworks */,
				4ECB0D8F2A54491F00DEA60A /* Swinject in Frameworks */,
			);
			runOnlyForDeploymentPostprocessing = 0;
		};
		2309274F29AB864500059B0C /* Frameworks */ = {
			isa = PBXFrameworksBuildPhase;
			buildActionMask = 2147483647;
			files = (
			);
			runOnlyForDeploymentPostprocessing = 0;
		};
		2309275929AB864500059B0C /* Frameworks */ = {
			isa = PBXFrameworksBuildPhase;
			buildActionMask = 2147483647;
			files = (
			);
			runOnlyForDeploymentPostprocessing = 0;
		};
/* End PBXFrameworksBuildPhase section */

/* Begin PBXGroup section */
		2309273929AB864300059B0C = {
			isa = PBXGroup;
			children = (
				4E2C13342A6C320B0065DB5E /* Test */,
				4EAD44382A54F9BA00E3FEBA /* README.md */,
				2309274429AB864300059B0C /* MMOne */,
				2309275529AB864500059B0C /* BaseDesignPatternTests */,
				2309275F29AB864500059B0C /* BaseDesignPatternUITests */,
				2309274329AB864300059B0C /* Products */,
			);
			sourceTree = "<group>";
		};
		2309274329AB864300059B0C /* Products */ = {
			isa = PBXGroup;
			children = (
				2309274229AB864300059B0C /* MMOne.app */,
				2309275229AB864500059B0C /* MMOneTests.xctest */,
				2309275C29AB864500059B0C /* MMOneUITests.xctest */,
			);
			name = Products;
			sourceTree = "<group>";
		};
		2309274429AB864300059B0C /* MMOne */ = {
			isa = PBXGroup;
			children = (
				4ECBF1F82A53AF0100DEA60A /* Features */,
				4ECBF1F72A53AEFA00DEA60A /* Tick */,
				2309274529AB864300059B0C /* MMOneApp.swift */,
				2309274729AB864300059B0C /* ContentView.swift */,
				2309274929AB864400059B0C /* Assets.xcassets */,
				2309274B29AB864400059B0C /* Preview Content */,
				E829836C0DC17DBC43F087C7 /* References */,
			);
			path = MMOne;
			sourceTree = "<group>";
		};
		2309274B29AB864400059B0C /* Preview Content */ = {
			isa = PBXGroup;
			children = (
				2309274C29AB864400059B0C /* Preview Assets.xcassets */,
			);
			path = "Preview Content";
			sourceTree = "<group>";
		};
		2309275529AB864500059B0C /* BaseDesignPatternTests */ = {
			isa = PBXGroup;
			children = (
				2309275629AB864500059B0C /* BaseDesignPatternTests.swift */,
			);
			path = BaseDesignPatternTests;
			sourceTree = "<group>";
		};
		2309275F29AB864500059B0C /* BaseDesignPatternUITests */ = {
			isa = PBXGroup;
			children = (
				2309276029AB864500059B0C /* BaseDesignPatternUITests.swift */,
				2309276229AB864500059B0C /* BaseDesignPatternUITestsLaunchTests.swift */,
			);
			path = BaseDesignPatternUITests;
			sourceTree = "<group>";
		};
		4E1FC2C82A9305DB00EB9891 /* 5. category&extension */ = {
			isa = PBXGroup;
			children = (
				4E1FDE892A9332D600EB9891 /* SwiftExtension.swift */,
				4E1FDE8C2A9333F900EB9891 /* NSObject+Person.h */,
				4E1FDE8B2A9333F800EB9891 /* MMOne-Bridging-Header.h */,
				4E1FDE8D2A93342B00EB9891 /* Person.h */,
				4E1FDE8E2A93342B00EB9891 /* Person.m */,
				4E1FDE902A93370400EB9891 /* Person+Group.h */,
				4E1FDE912A93370400EB9891 /* Person+Group.m */,
			);
			path = "5. category&extension";
			sourceTree = "<group>";
		};
		4E2C13342A6C320B0065DB5E /* Test */ = {
			isa = PBXGroup;
			children = (
				4E2C13352A6C324E0065DB5E /* TodoInteractorTest.swift */,
				4E2C13372A6C326E0065DB5E /* MockTodoInteractorTest.swift */,
			);
			path = Test;
			sourceTree = "<group>";
		};
		4E2C74A02A789682003F3E6F /* 3. Chains */ = {
			isa = PBXGroup;
			children = (
				4E2C74A12A7896A3003F3E6F /* SwiftChains.swift */,
			);
			path = "3. Chains";
			sourceTree = "<group>";
		};
		4E3D48902A9397710062E029 /* 6. Write & Read Lock */ = {
			isa = PBXGroup;
			children = (
				4E3D48912A9397C00062E029 /* ReadAndWriteLock.swift */,
				4E3D48932A939B9A0062E029 /* AtomicPropertyLock.swift */,
			);
			path = "6. Write & Read Lock";
			sourceTree = "<group>";
		};
		4E731B632AAF2AF2005F7BA5 /* 8. SwiftUI-Cell */ = {
			isa = PBXGroup;
			children = (
				4E731B662AAF2B74005F7BA5 /* Cells */,
				4E731B642AAF2B41005F7BA5 /* DynamicContainerView.swift */,
				4E731B792AAF3C2E005F7BA5 /* DynamicCellViewModel.swift */,
			);
			path = "8. SwiftUI-Cell";
			sourceTree = "<group>";
		};
		4E731B662AAF2B74005F7BA5 /* Cells */ = {
			isa = PBXGroup;
			children = (
				4E731B672AAF2BA6005F7BA5 /* DynamicNotifView.swift */,
				4E731B692AAF2BE4005F7BA5 /* DynamicHeaderView.swift */,
				4E731B6B2AAF2BF7005F7BA5 /* DynamicTextView.swift */,
				4E731B6D2AAF2C0C005F7BA5 /* DynamicImagesView.swift */,
				4E731B6F2AAF2C1F005F7BA5 /* DynamicVoteView.swift */,
				4E731B732AAF2C4F005F7BA5 /* DynamicTopicView.swift */,
				4E731B752AAF2C5D005F7BA5 /* DynamicStandView.swift */,
				4E731B772AAF2C6D005F7BA5 /* DynamicShareView.swift */,
			);
			path = Cells;
			sourceTree = "<group>";
		};
		4E88B8962A642FB000BFDB59 /* 2. Compare the MVC, MVP, MVVM and VIPER pattern */ = {
			isa = PBXGroup;
			children = (
				4E88B8972A6430A500BFDB59 /* MVCCode.swift */,
				4E2C132E2A6BDA440065DB5E /* MVVMCode.swift */,
				4E2C13302A6BDAA70065DB5E /* VIPERCode.swift */,
			);
			path = "2. Compare the MVC, MVP, MVVM and VIPER pattern";
			sourceTree = "<group>";
		};
		4EA710292A8F610A00F076F9 /* 4. LRU */ = {
			isa = PBXGroup;
			children = (
				4EA7102A2A8F627700F076F9 /* LRU.swift */,
			);
			path = "4. LRU";
			sourceTree = "<group>";
		};
		4EAD443A2A54FCB500E3FEBA /* 1. How to show a sprite figure? */ = {
			isa = PBXGroup;
			children = (
				4EAD443B2A54FCF600E3FEBA /* SpriteFigureView.swift */,
				4EAD443D2A54FD0D00E3FEBA /* SpriteFigureParser.swift */,
			);
			path = "1. How to show a sprite figure?";
			sourceTree = "<group>";
		};
		4ECBF1F72A53AEFA00DEA60A /* Tick */ = {
			isa = PBXGroup;
			children = (
				4ECBF1FE2A53B1A300DEA60A /* MacOSMultiColumns */,
				4ECBF2002A53B1A300DEA60A /* Tools */,
				4ECBF1FA2A53AFFF00DEA60A /* Lang */,
				4ECBF1F92A53AF1E00DEA60A /* Design */,
			);
			path = Tick;
			sourceTree = "<group>";
		};
		4ECBF1F82A53AF0100DEA60A /* Features */ = {
			isa = PBXGroup;
			children = (
				4E731B632AAF2AF2005F7BA5 /* 8. SwiftUI-Cell */,
				4EEED3852A962EF0003FB0FA /* 7. Dynamic VM update */,
				4E3D48902A9397710062E029 /* 6. Write & Read Lock */,
				4E1FC2C82A9305DB00EB9891 /* 5. category&extension */,
				4EA710292A8F610A00F076F9 /* 4. LRU */,
				4E2C74A02A789682003F3E6F /* 3. Chains */,
				4E88B8962A642FB000BFDB59 /* 2. Compare the MVC, MVP, MVVM and VIPER pattern */,
				4EAD443A2A54FCB500E3FEBA /* 1. How to show a sprite figure? */,
				4ECBF1FD2A53B0FF00DEA60A /* Old */,
			);
			path = Features;
			sourceTree = "<group>";
		};
		4ECBF1F92A53AF1E00DEA60A /* Design */ = {
			isa = PBXGroup;
			children = (
				E829825D48BCB0C8EF2FC6B5 /* StructuralDesign.swift */,
				E8298FE814F2F9DAFDDD9A9D /* CreativeDesign.swift */,
				E82982CEA7514339799C94CE /* Base.swift */,
			);
			path = Design;
			sourceTree = "<group>";
		};
		4ECBF1FA2A53AFFF00DEA60A /* Lang */ = {
			isa = PBXGroup;
			children = (
				4ECBF1FB2A53B02900DEA60A /* Swift5_8_features.swift */,
			);
			path = Lang;
			sourceTree = "<group>";
		};
		4ECBF1FD2A53B0FF00DEA60A /* Old */ = {
			isa = PBXGroup;
			children = (
				4ECBF21D2A53B1AE00DEA60A /* Appdelegate dispatch */,
				4ECBF2232A53B1AE00DEA60A /* Home */,
				4ECBF2062A53B1AE00DEA60A /* LiveStreamingInWeakNetwork */,
				4ECBF22D2A53B1AE00DEA60A /* LoadingDataFromFile.swift */,
				4ECBF22E2A53B1AE00DEA60A /* TimeWindow.swift */,
			);
			path = Old;
			sourceTree = "<group>";
		};
		4ECBF1FE2A53B1A300DEA60A /* MacOSMultiColumns */ = {
			isa = PBXGroup;
			children = (
				4ECBF1FF2A53B1A300DEA60A /* MultiColumns.swift */,
			);
			path = MacOSMultiColumns;
			sourceTree = "<group>";
		};
		4ECBF2002A53B1A300DEA60A /* Tools */ = {
			isa = PBXGroup;
			children = (
				4ECBF2012A53B1A300DEA60A /* HLSPlayerView.swift */,
				4ECBF2022A53B1A300DEA60A /* RTMPPlayerView.swift */,
			);
			path = Tools;
			sourceTree = "<group>";
		};
		4ECBF2062A53B1AE00DEA60A /* LiveStreamingInWeakNetwork */ = {
			isa = PBXGroup;
			children = (
				4ECBF2072A53B1AE00DEA60A /* TextRoomView */,
				4ECBF2092A53B1AE00DEA60A /* LiveRoom */,
				4ECBF21C2A53B1AE00DEA60A /* LiveScrollContainer.swift */,
			);
			path = LiveStreamingInWeakNetwork;
			sourceTree = "<group>";
		};
		4ECBF2072A53B1AE00DEA60A /* TextRoomView */ = {
			isa = PBXGroup;
			children = (
				4ECBF2082A53B1AE00DEA60A /* TextRoomView.swift */,
			);
			path = TextRoomView;
			sourceTree = "<group>";
		};
		4ECBF2092A53B1AE00DEA60A /* LiveRoom */ = {
			isa = PBXGroup;
			children = (
				4ECBF20A2A53B1AE00DEA60A /* BusinessBoxes */,
				4ECBF2112A53B1AE00DEA60A /* Container */,
				4ECBF2162A53B1AE00DEA60A /* LiveRoomLayoutDescriptor.swift */,
				4ECBF2172A53B1AE00DEA60A /* LiveRoomView.swift */,
				4ECBF2182A53B1AE00DEA60A /* BaseBoxes */,
			);
			path = LiveRoom;
			sourceTree = "<group>";
		};
		4ECBF20A2A53B1AE00DEA60A /* BusinessBoxes */ = {
			isa = PBXGroup;
			children = (
				4ECBF20B2A53B1AE00DEA60A /* LiveRoomInputBoxController */,
				4ECBF20E2A53B1AE00DEA60A /* DanmuBusinessBox */,
			);
			path = BusinessBoxes;
			sourceTree = "<group>";
		};
		4ECBF20B2A53B1AE00DEA60A /* LiveRoomInputBoxController */ = {
			isa = PBXGroup;
			children = (
				4ECBF20C2A53B1AE00DEA60A /* LiveRoomInputBoxServiceProtocol.swift */,
				4ECBF20D2A53B1AE00DEA60A /* LiveRoomInputBoxController.swift */,
			);
			path = LiveRoomInputBoxController;
			sourceTree = "<group>";
		};
		4ECBF20E2A53B1AE00DEA60A /* DanmuBusinessBox */ = {
			isa = PBXGroup;
			children = (
				4ECBF20F2A53B1AE00DEA60A /* LiveRoomDanmuBoxController.swift */,
				4ECBF2102A53B1AE00DEA60A /* LiveRoomDanmuBoxServiceProtocol.swift */,
			);
			path = DanmuBusinessBox;
			sourceTree = "<group>";
		};
		4ECBF2112A53B1AE00DEA60A /* Container */ = {
			isa = PBXGroup;
			children = (
				4ECBF2122A53B1AE00DEA60A /* LiveRoomDelegatePublisher.swift */,
				4ECBF2132A53B1AE00DEA60A /* LiveRoomBoxes.json */,
				4ECBF2142A53B1AE00DEA60A /* LiveRoomDelegate.swift */,
				4ECBF2152A53B1AE00DEA60A /* LiveRoomRegister.swift */,
			);
			path = Container;
			sourceTree = "<group>";
		};
		4ECBF2182A53B1AE00DEA60A /* BaseBoxes */ = {
			isa = PBXGroup;
			children = (
				4ECBF2192A53B1AE00DEA60A /* BaseUIBox */,
			);
			path = BaseBoxes;
			sourceTree = "<group>";
		};
		4ECBF2192A53B1AE00DEA60A /* BaseUIBox */ = {
			isa = PBXGroup;
			children = (
				4ECBF21A2A53B1AE00DEA60A /* LiveRoomBaseUIBoxController.swift */,
				4ECBF21B2A53B1AE00DEA60A /* LiveRoomUIServiceProtocol.swift */,
			);
			path = BaseUIBox;
			sourceTree = "<group>";
		};
		4ECBF21D2A53B1AE00DEA60A /* Appdelegate dispatch */ = {
			isa = PBXGroup;
			children = (
				4ECBF21E2A53B1AE00DEA60A /* AppDeleagateDispatcher.swift */,
				4ECBF21F2A53B1AE00DEA60A /* MVPDelegate.swift */,
				4ECBF2202A53B1AE00DEA60A /* Modules */,
			);
			path = "Appdelegate dispatch";
			sourceTree = "<group>";
		};
		4ECBF2202A53B1AE00DEA60A /* Modules */ = {
			isa = PBXGroup;
			children = (
				4ECBF2212A53B1AE00DEA60A /* HomeAppDelegate.swift */,
				4ECBF2222A53B1AE00DEA60A /* ADAppDelegate.swift */,
			);
			path = Modules;
			sourceTree = "<group>";
		};
		4ECBF2232A53B1AE00DEA60A /* Home */ = {
			isa = PBXGroup;
			children = (
				4ECBF2242A53B1AE00DEA60A /* View */,
			);
			path = Home;
			sourceTree = "<group>";
		};
		4ECBF2242A53B1AE00DEA60A /* View */ = {
			isa = PBXGroup;
			children = (
				4ECBF2252A53B1AE00DEA60A /* ReusableTabView */,
				4ECBF22A2A53B1AE00DEA60A /* HomeContentView.swift */,
				4ECBF22B2A53B1AE00DEA60A /* HomeTabView.swift */,
				4ECBF22C2A53B1AE00DEA60A /* HomeHeadView.swift */,
			);
			path = View;
			sourceTree = "<group>";
		};
		4ECBF2252A53B1AE00DEA60A /* ReusableTabView */ = {
			isa = PBXGroup;
			children = (
				4ECBF2262A53B1AE00DEA60A /* HomeVideoCell.swift */,
				4ECBF2272A53B1AE00DEA60A /* HomeNormalCell.swift */,
				4ECBF2282A53B1AE00DEA60A /* HomeCellView.swift */,
				4ECBF2292A53B1AE00DEA60A /* HomeBannerCell.swift */,
			);
			path = ReusableTabView;
			sourceTree = "<group>";
		};
		4EEED3852A962EF0003FB0FA /* 7. Dynamic VM update */ = {
			isa = PBXGroup;
			children = (
				4EEED3862A962F5B003FB0FA /* DynamicVM.swift */,
				4EEED3882A9641B6003FB0FA /* LiveRainbowRoomView.swift */,
			);
			path = "7. Dynamic VM update";
			sourceTree = "<group>";
		};
/* End PBXGroup section */

/* Begin PBXNativeTarget section */
		2309274129AB864300059B0C /* MMOne */ = {
			isa = PBXNativeTarget;
			buildConfigurationList = 2309276629AB864500059B0C /* Build configuration list for PBXNativeTarget "MMOne" */;
			buildPhases = (
				2309273E29AB864300059B0C /* Sources */,
				2309273F29AB864300059B0C /* Frameworks */,
				2309274029AB864300059B0C /* Resources */,
			);
			buildRules = (
			);
			dependencies = (
			);
			name = MMOne;
			packageProductDependencies = (
				4ECB0D882A54473900DEA60A /* Kingfisher */,
				4ECB0D8B2A54485E00DEA60A /* SwiftUIX */,
				4ECB0D8E2A54491F00DEA60A /* Swinject */,
			);
			productName = BaseDesignPattern;
			productReference = 2309274229AB864300059B0C /* MMOne.app */;
			productType = "com.apple.product-type.application";
		};
		2309275129AB864500059B0C /* MMOneTests */ = {
			isa = PBXNativeTarget;
			buildConfigurationList = 2309276929AB864500059B0C /* Build configuration list for PBXNativeTarget "MMOneTests" */;
			buildPhases = (
				2309274E29AB864500059B0C /* Sources */,
				2309274F29AB864500059B0C /* Frameworks */,
				2309275029AB864500059B0C /* Resources */,
			);
			buildRules = (
			);
			dependencies = (
				2309275429AB864500059B0C /* PBXTargetDependency */,
			);
			name = MMOneTests;
			productName = BaseDesignPatternTests;
			productReference = 2309275229AB864500059B0C /* MMOneTests.xctest */;
			productType = "com.apple.product-type.bundle.unit-test";
		};
		2309275B29AB864500059B0C /* MMOneUITests */ = {
			isa = PBXNativeTarget;
			buildConfigurationList = 2309276C29AB864500059B0C /* Build configuration list for PBXNativeTarget "MMOneUITests" */;
			buildPhases = (
				2309275829AB864500059B0C /* Sources */,
				2309275929AB864500059B0C /* Frameworks */,
				2309275A29AB864500059B0C /* Resources */,
			);
			buildRules = (
			);
			dependencies = (
				2309275E29AB864500059B0C /* PBXTargetDependency */,
			);
			name = MMOneUITests;
			productName = BaseDesignPatternUITests;
			productReference = 2309275C29AB864500059B0C /* MMOneUITests.xctest */;
			productType = "com.apple.product-type.bundle.ui-testing";
		};
/* End PBXNativeTarget section */

/* Begin PBXProject section */
		2309273A29AB864300059B0C /* Project object */ = {
			isa = PBXProject;
			attributes = {
				BuildIndependentTargetsInParallel = 1;
				LastSwiftUpdateCheck = 1420;
				LastUpgradeCheck = 1420;
				TargetAttributes = {
					2309274129AB864300059B0C = {
						CreatedOnToolsVersion = 14.2;
						LastSwiftMigration = 1500;
					};
					2309275129AB864500059B0C = {
						CreatedOnToolsVersion = 14.2;
						TestTargetID = 2309274129AB864300059B0C;
					};
					2309275B29AB864500059B0C = {
						CreatedOnToolsVersion = 14.2;
						TestTargetID = 2309274129AB864300059B0C;
					};
				};
			};
			buildConfigurationList = 2309273D29AB864300059B0C /* Build configuration list for PBXProject "MMOne" */;
			compatibilityVersion = "Xcode 14.0";
			developmentRegion = en;
			hasScannedForEncodings = 0;
			knownRegions = (
				en,
				Base,
			);
			mainGroup = 2309273929AB864300059B0C;
			packageReferences = (
				4ECB0D872A54473900DEA60A /* XCRemoteSwiftPackageReference "Kingfisher" */,
				4ECB0D8A2A54485E00DEA60A /* XCRemoteSwiftPackageReference "SwiftUIX" */,
				4ECB0D8D2A54491F00DEA60A /* XCRemoteSwiftPackageReference "Swinject" */,
			);
			productRefGroup = 2309274329AB864300059B0C /* Products */;
			projectDirPath = "";
			projectRoot = "";
			targets = (
				2309274129AB864300059B0C /* MMOne */,
				2309275129AB864500059B0C /* MMOneTests */,
				2309275B29AB864500059B0C /* MMOneUITests */,
			);
		};
/* End PBXProject section */

/* Begin PBXResourcesBuildPhase section */
		2309274029AB864300059B0C /* Resources */ = {
			isa = PBXResourcesBuildPhase;
			buildActionMask = 2147483647;
			files = (
				4ECBF2352A53B1AE00DEA60A /* LiveRoomBoxes.json in Resources */,
				2309274D29AB864400059B0C /* Preview Assets.xcassets in Resources */,
				4EAD44392A54F9BA00E3FEBA /* README.md in Resources */,
				2309274A29AB864400059B0C /* Assets.xcassets in Resources */,
				E829811C2E42C84746E0D038 /* References in Resources */,
			);
			runOnlyForDeploymentPostprocessing = 0;
		};
		2309275029AB864500059B0C /* Resources */ = {
			isa = PBXResourcesBuildPhase;
			buildActionMask = 2147483647;
			files = (
			);
			runOnlyForDeploymentPostprocessing = 0;
		};
		2309275A29AB864500059B0C /* Resources */ = {
			isa = PBXResourcesBuildPhase;
			buildActionMask = 2147483647;
			files = (
			);
			runOnlyForDeploymentPostprocessing = 0;
		};
/* End PBXResourcesBuildPhase section */

/* Begin PBXSourcesBuildPhase section */
		2309273E29AB864300059B0C /* Sources */ = {
			isa = PBXSourcesBuildPhase;
			buildActionMask = 2147483647;
			files = (
				4ECBF23D2A53B1AE00DEA60A /* AppDeleagateDispatcher.swift in Sources */,
				4E731B6C2AAF2BF7005F7BA5 /* DynamicTextView.swift in Sources */,
				4ECBF23F2A53B1AE00DEA60A /* HomeAppDelegate.swift in Sources */,
				4E1FDE8F2A93342B00EB9891 /* Person.m in Sources */,
				4ECBF2332A53B1AE00DEA60A /* LiveRoomDanmuBoxServiceProtocol.swift in Sources */,
				4ECBF2302A53B1AE00DEA60A /* LiveRoomInputBoxServiceProtocol.swift in Sources */,
				4E731B7A2AAF3C2E005F7BA5 /* DynamicCellViewModel.swift in Sources */,
				4ECBF2342A53B1AE00DEA60A /* LiveRoomDelegatePublisher.swift in Sources */,
				4EAD443C2A54FCF600E3FEBA /* SpriteFigureView.swift in Sources */,
				4E731B6A2AAF2BE4005F7BA5 /* DynamicHeaderView.swift in Sources */,
				4ECBF2052A53B1A300DEA60A /* RTMPPlayerView.swift in Sources */,
				4ECBF23B2A53B1AE00DEA60A /* LiveRoomUIServiceProtocol.swift in Sources */,
				4ECBF2462A53B1AE00DEA60A /* HomeTabView.swift in Sources */,
				4E731B6E2AAF2C0C005F7BA5 /* DynamicImagesView.swift in Sources */,
				4ECBF2492A53B1AE00DEA60A /* TimeWindow.swift in Sources */,
				2309274829AB864300059B0C /* ContentView.swift in Sources */,
				4E2C74A22A7896A3003F3E6F /* SwiftChains.swift in Sources */,
				4ECBF1FC2A53B02900DEA60A /* Swift5_8_features.swift in Sources */,
				4E1FDE8A2A9332D700EB9891 /* SwiftExtension.swift in Sources */,
				4ECBF2392A53B1AE00DEA60A /* LiveRoomView.swift in Sources */,
				4E731B652AAF2B41005F7BA5 /* DynamicContainerView.swift in Sources */,
				2309274629AB864300059B0C /* MMOneApp.swift in Sources */,
				4ECBF2382A53B1AE00DEA60A /* LiveRoomLayoutDescriptor.swift in Sources */,
				E8298899BC2F85EE75307F1D /* Base.swift in Sources */,
				4ECBF2312A53B1AE00DEA60A /* LiveRoomInputBoxController.swift in Sources */,
				4E731B742AAF2C4F005F7BA5 /* DynamicTopicView.swift in Sources */,
				4ECBF2442A53B1AE00DEA60A /* HomeBannerCell.swift in Sources */,
				4EAD443E2A54FD0D00E3FEBA /* SpriteFigureParser.swift in Sources */,
				4E2C13312A6BDAA70065DB5E /* VIPERCode.swift in Sources */,
				4EA7102B2A8F627700F076F9 /* LRU.swift in Sources */,
				4ECBF2412A53B1AE00DEA60A /* HomeVideoCell.swift in Sources */,
				4E731B782AAF2C6D005F7BA5 /* DynamicShareView.swift in Sources */,
				4ECBF2452A53B1AE00DEA60A /* HomeContentView.swift in Sources */,
				4E3D48922A9397C00062E029 /* ReadAndWriteLock.swift in Sources */,
				4E3D48942A939B9A0062E029 /* AtomicPropertyLock.swift in Sources */,
				4ECBF2362A53B1AE00DEA60A /* LiveRoomDelegate.swift in Sources */,
				4ECBF2032A53B1A300DEA60A /* MultiColumns.swift in Sources */,
				4ECBF23C2A53B1AE00DEA60A /* LiveScrollContainer.swift in Sources */,
				4ECBF2472A53B1AE00DEA60A /* HomeHeadView.swift in Sources */,
				4E731B762AAF2C5D005F7BA5 /* DynamicStandView.swift in Sources */,
				4ECBF2042A53B1A300DEA60A /* HLSPlayerView.swift in Sources */,
				4ECBF2322A53B1AE00DEA60A /* LiveRoomDanmuBoxController.swift in Sources */,
				4E731B682AAF2BA6005F7BA5 /* DynamicNotifView.swift in Sources */,
				4EEED3872A962F5B003FB0FA /* DynamicVM.swift in Sources */,
				4ECBF23E2A53B1AE00DEA60A /* MVPDelegate.swift in Sources */,
				4E1FDE922A93370400EB9891 /* Person+Group.m in Sources */,
				E8298A287E711DBA79B1F87F /* CreativeDesign.swift in Sources */,
				4E731B702AAF2C1F005F7BA5 /* DynamicVoteView.swift in Sources */,
				4E88B8982A6430A500BFDB59 /* MVCCode.swift in Sources */,
				4EEED3892A9641B6003FB0FA /* LiveRainbowRoomView.swift in Sources */,
				4E2C132F2A6BDA440065DB5E /* MVVMCode.swift in Sources */,
				4ECBF2482A53B1AE00DEA60A /* LoadingDataFromFile.swift in Sources */,
				4ECBF22F2A53B1AE00DEA60A /* TextRoomView.swift in Sources */,
				4ECBF23A2A53B1AE00DEA60A /* LiveRoomBaseUIBoxController.swift in Sources */,
				4ECBF2432A53B1AE00DEA60A /* HomeCellView.swift in Sources */,
				4ECBF2372A53B1AE00DEA60A /* LiveRoomRegister.swift in Sources */,
				4ECBF2422A53B1AE00DEA60A /* HomeNormalCell.swift in Sources */,
				E8298C2F6BC409C3071440B3 /* StructuralDesign.swift in Sources */,
				4ECBF2402A53B1AE00DEA60A /* ADAppDelegate.swift in Sources */,
			);
			runOnlyForDeploymentPostprocessing = 0;
		};
		2309274E29AB864500059B0C /* Sources */ = {
			isa = PBXSourcesBuildPhase;
			buildActionMask = 2147483647;
			files = (
				4E2C13362A6C324E0065DB5E /* TodoInteractorTest.swift in Sources */,
				4E2C13382A6C326E0065DB5E /* MockTodoInteractorTest.swift in Sources */,
				2309275729AB864500059B0C /* BaseDesignPatternTests.swift in Sources */,
			);
			runOnlyForDeploymentPostprocessing = 0;
		};
		2309275829AB864500059B0C /* Sources */ = {
			isa = PBXSourcesBuildPhase;
			buildActionMask = 2147483647;
			files = (
				2309276329AB864500059B0C /* BaseDesignPatternUITestsLaunchTests.swift in Sources */,
				2309276129AB864500059B0C /* BaseDesignPatternUITests.swift in Sources */,
			);
			runOnlyForDeploymentPostprocessing = 0;
		};
/* End PBXSourcesBuildPhase section */

/* Begin PBXTargetDependency section */
		2309275429AB864500059B0C /* PBXTargetDependency */ = {
			isa = PBXTargetDependency;
			target = 2309274129AB864300059B0C /* MMOne */;
			targetProxy = 2309275329AB864500059B0C /* PBXContainerItemProxy */;
		};
		2309275E29AB864500059B0C /* PBXTargetDependency */ = {
			isa = PBXTargetDependency;
			target = 2309274129AB864300059B0C /* MMOne */;
			targetProxy = 2309275D29AB864500059B0C /* PBXContainerItemProxy */;
		};
/* End PBXTargetDependency section */

/* Begin XCBuildConfiguration section */
		2309276429AB864500059B0C /* Debug */ = {
			isa = XCBuildConfiguration;
			buildSettings = {
				ALWAYS_SEARCH_USER_PATHS = NO;
				CLANG_ANALYZER_NONNULL = YES;
				CLANG_ANALYZER_NUMBER_OBJECT_CONVERSION = YES_AGGRESSIVE;
				CLANG_CXX_LANGUAGE_STANDARD = "gnu++20";
				CLANG_ENABLE_MODULES = YES;
				CLANG_ENABLE_OBJC_ARC = YES;
				CLANG_ENABLE_OBJC_WEAK = YES;
				CLANG_WARN_BLOCK_CAPTURE_AUTORELEASING = YES;
				CLANG_WARN_BOOL_CONVERSION = YES;
				CLANG_WARN_COMMA = YES;
				CLANG_WARN_CONSTANT_CONVERSION = YES;
				CLANG_WARN_DEPRECATED_OBJC_IMPLEMENTATIONS = YES;
				CLANG_WARN_DIRECT_OBJC_ISA_USAGE = YES_ERROR;
				CLANG_WARN_DOCUMENTATION_COMMENTS = YES;
				CLANG_WARN_EMPTY_BODY = YES;
				CLANG_WARN_ENUM_CONVERSION = YES;
				CLANG_WARN_INFINITE_RECURSION = YES;
				CLANG_WARN_INT_CONVERSION = YES;
				CLANG_WARN_NON_LITERAL_NULL_CONVERSION = YES;
				CLANG_WARN_OBJC_IMPLICIT_RETAIN_SELF = YES;
				CLANG_WARN_OBJC_LITERAL_CONVERSION = YES;
				CLANG_WARN_OBJC_ROOT_CLASS = YES_ERROR;
				CLANG_WARN_QUOTED_INCLUDE_IN_FRAMEWORK_HEADER = YES;
				CLANG_WARN_RANGE_LOOP_ANALYSIS = YES;
				CLANG_WARN_STRICT_PROTOTYPES = YES;
				CLANG_WARN_SUSPICIOUS_MOVE = YES;
				CLANG_WARN_UNGUARDED_AVAILABILITY = YES_AGGRESSIVE;
				CLANG_WARN_UNREACHABLE_CODE = YES;
				CLANG_WARN__DUPLICATE_METHOD_MATCH = YES;
				COPY_PHASE_STRIP = NO;
				DEBUG_INFORMATION_FORMAT = dwarf;
				ENABLE_STRICT_OBJC_MSGSEND = YES;
				ENABLE_TESTABILITY = YES;
				GCC_C_LANGUAGE_STANDARD = gnu11;
				GCC_DYNAMIC_NO_PIC = NO;
				GCC_NO_COMMON_BLOCKS = YES;
				GCC_OPTIMIZATION_LEVEL = 0;
				GCC_PREPROCESSOR_DEFINITIONS = (
					"DEBUG=1",
					"$(inherited)",
				);
				GCC_WARN_64_TO_32_BIT_CONVERSION = YES;
				GCC_WARN_ABOUT_RETURN_TYPE = YES_ERROR;
				GCC_WARN_UNDECLARED_SELECTOR = YES;
				GCC_WARN_UNINITIALIZED_AUTOS = YES_AGGRESSIVE;
				GCC_WARN_UNUSED_FUNCTION = YES;
				GCC_WARN_UNUSED_VARIABLE = YES;
				IPHONEOS_DEPLOYMENT_TARGET = 16.2;
				MTL_ENABLE_DEBUG_INFO = INCLUDE_SOURCE;
				MTL_FAST_MATH = YES;
				ONLY_ACTIVE_ARCH = YES;
				SDKROOT = iphoneos;
				SWIFT_ACTIVE_COMPILATION_CONDITIONS = DEBUG;
				SWIFT_OPTIMIZATION_LEVEL = "-Onone";
			};
			name = Debug;
		};
		2309276529AB864500059B0C /* Release */ = {
			isa = XCBuildConfiguration;
			buildSettings = {
				ALWAYS_SEARCH_USER_PATHS = NO;
				CLANG_ANALYZER_NONNULL = YES;
				CLANG_ANALYZER_NUMBER_OBJECT_CONVERSION = YES_AGGRESSIVE;
				CLANG_CXX_LANGUAGE_STANDARD = "gnu++20";
				CLANG_ENABLE_MODULES = YES;
				CLANG_ENABLE_OBJC_ARC = YES;
				CLANG_ENABLE_OBJC_WEAK = YES;
				CLANG_WARN_BLOCK_CAPTURE_AUTORELEASING = YES;
				CLANG_WARN_BOOL_CONVERSION = YES;
				CLANG_WARN_COMMA = YES;
				CLANG_WARN_CONSTANT_CONVERSION = YES;
				CLANG_WARN_DEPRECATED_OBJC_IMPLEMENTATIONS = YES;
				CLANG_WARN_DIRECT_OBJC_ISA_USAGE = YES_ERROR;
				CLANG_WARN_DOCUMENTATION_COMMENTS = YES;
				CLANG_WARN_EMPTY_BODY = YES;
				CLANG_WARN_ENUM_CONVERSION = YES;
				CLANG_WARN_INFINITE_RECURSION = YES;
				CLANG_WARN_INT_CONVERSION = YES;
				CLANG_WARN_NON_LITERAL_NULL_CONVERSION = YES;
				CLANG_WARN_OBJC_IMPLICIT_RETAIN_SELF = YES;
				CLANG_WARN_OBJC_LITERAL_CONVERSION = YES;
				CLANG_WARN_OBJC_ROOT_CLASS = YES_ERROR;
				CLANG_WARN_QUOTED_INCLUDE_IN_FRAMEWORK_HEADER = YES;
				CLANG_WARN_RANGE_LOOP_ANALYSIS = YES;
				CLANG_WARN_STRICT_PROTOTYPES = YES;
				CLANG_WARN_SUSPICIOUS_MOVE = YES;
				CLANG_WARN_UNGUARDED_AVAILABILITY = YES_AGGRESSIVE;
				CLANG_WARN_UNREACHABLE_CODE = YES;
				CLANG_WARN__DUPLICATE_METHOD_MATCH = YES;
				COPY_PHASE_STRIP = NO;
				DEBUG_INFORMATION_FORMAT = "dwarf-with-dsym";
				ENABLE_NS_ASSERTIONS = NO;
				ENABLE_STRICT_OBJC_MSGSEND = YES;
				GCC_C_LANGUAGE_STANDARD = gnu11;
				GCC_NO_COMMON_BLOCKS = YES;
				GCC_WARN_64_TO_32_BIT_CONVERSION = YES;
				GCC_WARN_ABOUT_RETURN_TYPE = YES_ERROR;
				GCC_WARN_UNDECLARED_SELECTOR = YES;
				GCC_WARN_UNINITIALIZED_AUTOS = YES_AGGRESSIVE;
				GCC_WARN_UNUSED_FUNCTION = YES;
				GCC_WARN_UNUSED_VARIABLE = YES;
				IPHONEOS_DEPLOYMENT_TARGET = 16.2;
				MTL_ENABLE_DEBUG_INFO = NO;
				MTL_FAST_MATH = YES;
				SDKROOT = iphoneos;
				SWIFT_COMPILATION_MODE = wholemodule;
				SWIFT_OPTIMIZATION_LEVEL = "-O";
				VALIDATE_PRODUCT = YES;
			};
			name = Release;
		};
		2309276729AB864500059B0C /* Debug */ = {
			isa = XCBuildConfiguration;
			buildSettings = {
				ASSETCATALOG_COMPILER_APPICON_NAME = AppIcon;
				ASSETCATALOG_COMPILER_GLOBAL_ACCENT_COLOR_NAME = AccentColor;
				CLANG_ENABLE_MODULES = YES;
				CODE_SIGN_STYLE = Automatic;
				CURRENT_PROJECT_VERSION = 1;
				DEVELOPMENT_ASSET_PATHS = "\"MMOne/Preview Content\"";
				DEVELOPMENT_TEAM = KWNMNWEFB6;
				ENABLE_PREVIEWS = YES;
				GENERATE_INFOPLIST_FILE = YES;
				INFOPLIST_KEY_UIApplicationSceneManifest_Generation = YES;
				INFOPLIST_KEY_UIApplicationSupportsIndirectInputEvents = YES;
				INFOPLIST_KEY_UILaunchScreen_Generation = YES;
				INFOPLIST_KEY_UISupportedInterfaceOrientations_iPad = "UIInterfaceOrientationPortrait UIInterfaceOrientationPortraitUpsideDown UIInterfaceOrientationLandscapeLeft UIInterfaceOrientationLandscapeRight";
				INFOPLIST_KEY_UISupportedInterfaceOrientations_iPhone = "UIInterfaceOrientationPortrait UIInterfaceOrientationLandscapeLeft UIInterfaceOrientationLandscapeRight";
				IPHONEOS_DEPLOYMENT_TARGET = 15;
				LD_RUNPATH_SEARCH_PATHS = (
					"$(inherited)",
					"@executable_path/Frameworks",
				);
				MARKETING_VERSION = 1.0;
				PRODUCT_BUNDLE_IDENTIFIER = com.wlm.mobile.MMOne;
				PRODUCT_NAME = "$(TARGET_NAME)";
				SWIFT_EMIT_LOC_STRINGS = YES;
				SWIFT_OBJC_BRIDGING_HEADER = "MMOne/Features/5. category&extension/MMOne-Bridging-Header.h";
				SWIFT_OPTIMIZATION_LEVEL = "-Onone";
				SWIFT_VERSION = 5.0;
				TARGETED_DEVICE_FAMILY = "1,2";
			};
			name = Debug;
		};
		2309276829AB864500059B0C /* Release */ = {
			isa = XCBuildConfiguration;
			buildSettings = {
				ASSETCATALOG_COMPILER_APPICON_NAME = AppIcon;
				ASSETCATALOG_COMPILER_GLOBAL_ACCENT_COLOR_NAME = AccentColor;
				CLANG_ENABLE_MODULES = YES;
				CODE_SIGN_STYLE = Automatic;
				CURRENT_PROJECT_VERSION = 1;
				DEVELOPMENT_ASSET_PATHS = "\"MMOne/Preview Content\"";
				DEVELOPMENT_TEAM = KWNMNWEFB6;
				ENABLE_PREVIEWS = YES;
				GENERATE_INFOPLIST_FILE = YES;
				INFOPLIST_KEY_UIApplicationSceneManifest_Generation = YES;
				INFOPLIST_KEY_UIApplicationSupportsIndirectInputEvents = YES;
				INFOPLIST_KEY_UILaunchScreen_Generation = YES;
				INFOPLIST_KEY_UISupportedInterfaceOrientations_iPad = "UIInterfaceOrientationPortrait UIInterfaceOrientationPortraitUpsideDown UIInterfaceOrientationLandscapeLeft UIInterfaceOrientationLandscapeRight";
				INFOPLIST_KEY_UISupportedInterfaceOrientations_iPhone = "UIInterfaceOrientationPortrait UIInterfaceOrientationLandscapeLeft UIInterfaceOrientationLandscapeRight";
				IPHONEOS_DEPLOYMENT_TARGET = 15;
				LD_RUNPATH_SEARCH_PATHS = (
					"$(inherited)",
					"@executable_path/Frameworks",
				);
				MARKETING_VERSION = 1.0;
				PRODUCT_BUNDLE_IDENTIFIER = com.wlm.mobile.MMOne;
				PRODUCT_NAME = "$(TARGET_NAME)";
				SWIFT_EMIT_LOC_STRINGS = YES;
				SWIFT_OBJC_BRIDGING_HEADER = "MMOne/Features/5. category&extension/MMOne-Bridging-Header.h";
				SWIFT_VERSION = 5.0;
				TARGETED_DEVICE_FAMILY = "1,2";
			};
			name = Release;
		};
		2309276A29AB864500059B0C /* Debug */ = {
			isa = XCBuildConfiguration;
			buildSettings = {
				ALWAYS_EMBED_SWIFT_STANDARD_LIBRARIES = YES;
				BUNDLE_LOADER = "$(TEST_HOST)";
				CODE_SIGN_STYLE = Automatic;
				CURRENT_PROJECT_VERSION = 1;
				DEVELOPMENT_TEAM = KWNMNWEFB6;
				GENERATE_INFOPLIST_FILE = YES;
				IPHONEOS_DEPLOYMENT_TARGET = 16.2;
				MARKETING_VERSION = 1.0;
				PRODUCT_BUNDLE_IDENTIFIER = com.wlm.mobile.BaseDesignPatternTests;
				PRODUCT_NAME = "$(TARGET_NAME)";
				SWIFT_EMIT_LOC_STRINGS = NO;
				SWIFT_VERSION = 5.0;
				TARGETED_DEVICE_FAMILY = "1,2";
				TEST_HOST = "$(BUILT_PRODUCTS_DIR)/MMOne.app/$(BUNDLE_EXECUTABLE_FOLDER_PATH)/MMOne";
			};
			name = Debug;
		};
		2309276B29AB864500059B0C /* Release */ = {
			isa = XCBuildConfiguration;
			buildSettings = {
				ALWAYS_EMBED_SWIFT_STANDARD_LIBRARIES = YES;
				BUNDLE_LOADER = "$(TEST_HOST)";
				CODE_SIGN_STYLE = Automatic;
				CURRENT_PROJECT_VERSION = 1;
				DEVELOPMENT_TEAM = KWNMNWEFB6;
				GENERATE_INFOPLIST_FILE = YES;
				IPHONEOS_DEPLOYMENT_TARGET = 16.2;
				MARKETING_VERSION = 1.0;
				PRODUCT_BUNDLE_IDENTIFIER = com.wlm.mobile.BaseDesignPatternTests;
				PRODUCT_NAME = "$(TARGET_NAME)";
				SWIFT_EMIT_LOC_STRINGS = NO;
				SWIFT_VERSION = 5.0;
				TARGETED_DEVICE_FAMILY = "1,2";
				TEST_HOST = "$(BUILT_PRODUCTS_DIR)/MMOne.app/$(BUNDLE_EXECUTABLE_FOLDER_PATH)/MMOne";
			};
			name = Release;
		};
		2309276D29AB864500059B0C /* Debug */ = {
			isa = XCBuildConfiguration;
			buildSettings = {
				ALWAYS_EMBED_SWIFT_STANDARD_LIBRARIES = YES;
				CODE_SIGN_STYLE = Automatic;
				CURRENT_PROJECT_VERSION = 1;
				DEVELOPMENT_TEAM = KWNMNWEFB6;
				GENERATE_INFOPLIST_FILE = YES;
				MARKETING_VERSION = 1.0;
				PRODUCT_BUNDLE_IDENTIFIER = com.wlm.mobile.BaseDesignPatternUITests;
				PRODUCT_NAME = "$(TARGET_NAME)";
				SWIFT_EMIT_LOC_STRINGS = NO;
				SWIFT_VERSION = 5.0;
				TARGETED_DEVICE_FAMILY = "1,2";
				TEST_TARGET_NAME = BaseDesignPattern;
			};
			name = Debug;
		};
		2309276E29AB864500059B0C /* Release */ = {
			isa = XCBuildConfiguration;
			buildSettings = {
				ALWAYS_EMBED_SWIFT_STANDARD_LIBRARIES = YES;
				CODE_SIGN_STYLE = Automatic;
				CURRENT_PROJECT_VERSION = 1;
				DEVELOPMENT_TEAM = KWNMNWEFB6;
				GENERATE_INFOPLIST_FILE = YES;
				MARKETING_VERSION = 1.0;
				PRODUCT_BUNDLE_IDENTIFIER = com.wlm.mobile.BaseDesignPatternUITests;
				PRODUCT_NAME = "$(TARGET_NAME)";
				SWIFT_EMIT_LOC_STRINGS = NO;
				SWIFT_VERSION = 5.0;
				TARGETED_DEVICE_FAMILY = "1,2";
				TEST_TARGET_NAME = BaseDesignPattern;
			};
			name = Release;
		};
/* End XCBuildConfiguration section */

/* Begin XCConfigurationList section */
		2309273D29AB864300059B0C /* Build configuration list for PBXProject "MMOne" */ = {
			isa = XCConfigurationList;
			buildConfigurations = (
				2309276429AB864500059B0C /* Debug */,
				2309276529AB864500059B0C /* Release */,
			);
			defaultConfigurationIsVisible = 0;
			defaultConfigurationName = Release;
		};
		2309276629AB864500059B0C /* Build configuration list for PBXNativeTarget "MMOne" */ = {
			isa = XCConfigurationList;
			buildConfigurations = (
				2309276729AB864500059B0C /* Debug */,
				2309276829AB864500059B0C /* Release */,
			);
			defaultConfigurationIsVisible = 0;
			defaultConfigurationName = Release;
		};
		2309276929AB864500059B0C /* Build configuration list for PBXNativeTarget "MMOneTests" */ = {
			isa = XCConfigurationList;
			buildConfigurations = (
				2309276A29AB864500059B0C /* Debug */,
				2309276B29AB864500059B0C /* Release */,
			);
			defaultConfigurationIsVisible = 0;
			defaultConfigurationName = Release;
		};
		2309276C29AB864500059B0C /* Build configuration list for PBXNativeTarget "MMOneUITests" */ = {
			isa = XCConfigurationList;
			buildConfigurations = (
				2309276D29AB864500059B0C /* Debug */,
				2309276E29AB864500059B0C /* Release */,
			);
			defaultConfigurationIsVisible = 0;
			defaultConfigurationName = Release;
		};
/* End XCConfigurationList section */

/* Begin XCRemoteSwiftPackageReference section */
		4ECB0D872A54473900DEA60A /* XCRemoteSwiftPackageReference "Kingfisher" */ = {
			isa = XCRemoteSwiftPackageReference;
			repositoryURL = "https://github.com/onevcat/Kingfisher.git";
			requirement = {
				kind = upToNextMajorVersion;
				minimumVersion = 7.8.1;
			};
		};
		4ECB0D8A2A54485E00DEA60A /* XCRemoteSwiftPackageReference "SwiftUIX" */ = {
			isa = XCRemoteSwiftPackageReference;
			repositoryURL = "https://github.com/SwiftUIX/SwiftUIX.git";
			requirement = {
				kind = upToNextMajorVersion;
				minimumVersion = 0.1.5;
			};
		};
		4ECB0D8D2A54491F00DEA60A /* XCRemoteSwiftPackageReference "Swinject" */ = {
			isa = XCRemoteSwiftPackageReference;
			repositoryURL = "https://github.com/Swinject/Swinject.git";
			requirement = {
				kind = upToNextMajorVersion;
				minimumVersion = 2.8.3;
			};
		};
/* End XCRemoteSwiftPackageReference section */

/* Begin XCSwiftPackageProductDependency section */
		4ECB0D882A54473900DEA60A /* Kingfisher */ = {
			isa = XCSwiftPackageProductDependency;
			package = 4ECB0D872A54473900DEA60A /* XCRemoteSwiftPackageReference "Kingfisher" */;
			productName = Kingfisher;
		};
		4ECB0D8B2A54485E00DEA60A /* SwiftUIX */ = {
			isa = XCSwiftPackageProductDependency;
			package = 4ECB0D8A2A54485E00DEA60A /* XCRemoteSwiftPackageReference "SwiftUIX" */;
			productName = SwiftUIX;
		};
		4ECB0D8E2A54491F00DEA60A /* Swinject */ = {
			isa = XCSwiftPackageProductDependency;
			package = 4ECB0D8D2A54491F00DEA60A /* XCRemoteSwiftPackageReference "Swinject" */;
			productName = Swinject;
		};
/* End XCSwiftPackageProductDependency section */
	};
	rootObject = 2309273A29AB864300059B0C /* Project object */;
}
