// !$*UTF8*$!
{
	archiveVersion = 1;
	classes = {
	};
	objectVersion = 56;
	objects = {

/* Begin PBXBuildFile section */
		2309274629AB864300059B0C /* BaseDesignPatternApp.swift in Sources */ = {isa = PBXBuildFile; fileRef = 2309274529AB864300059B0C /* BaseDesignPatternApp.swift */; };
		2309274829AB864300059B0C /* ContentView.swift in Sources */ = {isa = PBXBuildFile; fileRef = 2309274729AB864300059B0C /* ContentView.swift */; };
		2309274A29AB864400059B0C /* Assets.xcassets in Resources */ = {isa = PBXBuildFile; fileRef = 2309274929AB864400059B0C /* Assets.xcassets */; };
		2309274D29AB864400059B0C /* Preview Assets.xcassets in Resources */ = {isa = PBXBuildFile; fileRef = 2309274C29AB864400059B0C /* Preview Assets.xcassets */; };
		2309275729AB864500059B0C /* BaseDesignPatternTests.swift in Sources */ = {isa = PBXBuildFile; fileRef = 2309275629AB864500059B0C /* BaseDesignPatternTests.swift */; };
		2309276129AB864500059B0C /* BaseDesignPatternUITests.swift in Sources */ = {isa = PBXBuildFile; fileRef = 2309276029AB864500059B0C /* BaseDesignPatternUITests.swift */; };
		2309276329AB864500059B0C /* BaseDesignPatternUITestsLaunchTests.swift in Sources */ = {isa = PBXBuildFile; fileRef = 2309276229AB864500059B0C /* BaseDesignPatternUITestsLaunchTests.swift */; };
		E829811C2E42C84746E0D038 /* References in Resources */ = {isa = PBXBuildFile; fileRef = E829836C0DC17DBC43F087C7 /* References */; };
		E8298899BC2F85EE75307F1D /* Base.swift in Sources */ = {isa = PBXBuildFile; fileRef = E82982CEA7514339799C94CE /* Base.swift */; };
		E8298A287E711DBA79B1F87F /* CreativeDesign.swift in Sources */ = {isa = PBXBuildFile; fileRef = E8298FE814F2F9DAFDDD9A9D /* CreativeDesign.swift */; };
		E8298C2F6BC409C3071440B3 /* StructuralDesign.swift in Sources */ = {isa = PBXBuildFile; fileRef = E829825D48BCB0C8EF2FC6B5 /* StructuralDesign.swift */; };
/* End PBXBuildFile section */

/* Begin PBXContainerItemProxy section */
		2309275329AB864500059B0C /* PBXContainerItemProxy */ = {
			isa = PBXContainerItemProxy;
			containerPortal = 2309273A29AB864300059B0C /* Project object */;
			proxyType = 1;
			remoteGlobalIDString = 2309274129AB864300059B0C;
			remoteInfo = BaseDesignPattern;
		};
		2309275D29AB864500059B0C /* PBXContainerItemProxy */ = {
			isa = PBXContainerItemProxy;
			containerPortal = 2309273A29AB864300059B0C /* Project object */;
			proxyType = 1;
			remoteGlobalIDString = 2309274129AB864300059B0C;
			remoteInfo = BaseDesignPattern;
		};
/* End PBXContainerItemProxy section */

/* Begin PBXFileReference section */
		2309274229AB864300059B0C /* BaseDesignPattern.app */ = {isa = PBXFileReference; explicitFileType = wrapper.application; includeInIndex = 0; path = BaseDesignPattern.app; sourceTree = BUILT_PRODUCTS_DIR; };
		2309274529AB864300059B0C /* BaseDesignPatternApp.swift */ = {isa = PBXFileReference; lastKnownFileType = sourcecode.swift; path = BaseDesignPatternApp.swift; sourceTree = "<group>"; };
		2309274729AB864300059B0C /* ContentView.swift */ = {isa = PBXFileReference; lastKnownFileType = sourcecode.swift; path = ContentView.swift; sourceTree = "<group>"; };
		2309274929AB864400059B0C /* Assets.xcassets */ = {isa = PBXFileReference; lastKnownFileType = folder.assetcatalog; path = Assets.xcassets; sourceTree = "<group>"; };
		2309274C29AB864400059B0C /* Preview Assets.xcassets */ = {isa = PBXFileReference; lastKnownFileType = folder.assetcatalog; path = "Preview Assets.xcassets"; sourceTree = "<group>"; };
		2309275229AB864500059B0C /* BaseDesignPatternTests.xctest */ = {isa = PBXFileReference; explicitFileType = wrapper.cfbundle; includeInIndex = 0; path = BaseDesignPatternTests.xctest; sourceTree = BUILT_PRODUCTS_DIR; };
		2309275629AB864500059B0C /* BaseDesignPatternTests.swift */ = {isa = PBXFileReference; lastKnownFileType = sourcecode.swift; path = BaseDesignPatternTests.swift; sourceTree = "<group>"; };
		2309275C29AB864500059B0C /* BaseDesignPatternUITests.xctest */ = {isa = PBXFileReference; explicitFileType = wrapper.cfbundle; includeInIndex = 0; path = BaseDesignPatternUITests.xctest; sourceTree = BUILT_PRODUCTS_DIR; };
		2309276029AB864500059B0C /* BaseDesignPatternUITests.swift */ = {isa = PBXFileReference; lastKnownFileType = sourcecode.swift; path = BaseDesignPatternUITests.swift; sourceTree = "<group>"; };
		2309276229AB864500059B0C /* BaseDesignPatternUITestsLaunchTests.swift */ = {isa = PBXFileReference; lastKnownFileType = sourcecode.swift; path = BaseDesignPatternUITestsLaunchTests.swift; sourceTree = "<group>"; };
		E829825D48BCB0C8EF2FC6B5 /* StructuralDesign.swift */ = {isa = PBXFileReference; fileEncoding = 4; lastKnownFileType = sourcecode.swift; path = StructuralDesign.swift; sourceTree = "<group>"; };
		E82982CEA7514339799C94CE /* Base.swift */ = {isa = PBXFileReference; fileEncoding = 4; lastKnownFileType = sourcecode.swift; path = Base.swift; sourceTree = "<group>"; };
		E829836C0DC17DBC43F087C7 /* References */ = {isa = PBXFileReference; fileEncoding = 4; lastKnownFileType = folder; path = References; sourceTree = "<group>"; };
		E8298FE814F2F9DAFDDD9A9D /* CreativeDesign.swift */ = {isa = PBXFileReference; fileEncoding = 4; lastKnownFileType = sourcecode.swift; path = CreativeDesign.swift; sourceTree = "<group>"; };
/* End PBXFileReference section */

/* Begin PBXFrameworksBuildPhase section */
		2309273F29AB864300059B0C /* Frameworks */ = {
			isa = PBXFrameworksBuildPhase;
			buildActionMask = 2147483647;
			files = (
			);
			runOnlyForDeploymentPostprocessing = 0;
		};
		2309274F29AB864500059B0C /* Frameworks */ = {
			isa = PBXFrameworksBuildPhase;
			buildActionMask = 2147483647;
			files = (
			);
			runOnlyForDeploymentPostprocessing = 0;
		};
		2309275929AB864500059B0C /* Frameworks */ = {
			isa = PBXFrameworksBuildPhase;
			buildActionMask = 2147483647;
			files = (
			);
			runOnlyForDeploymentPostprocessing = 0;
		};
/* End PBXFrameworksBuildPhase section */

/* Begin PBXGroup section */
		2309273929AB864300059B0C = {
			isa = PBXGroup;
			children = (
				2309274429AB864300059B0C /* BaseDesignPattern */,
				2309275529AB864500059B0C /* BaseDesignPatternTests */,
				2309275F29AB864500059B0C /* BaseDesignPatternUITests */,
				2309274329AB864300059B0C /* Products */,
			);
			sourceTree = "<group>";
		};
		2309274329AB864300059B0C /* Products */ = {
			isa = PBXGroup;
			children = (
				2309274229AB864300059B0C /* BaseDesignPattern.app */,
				2309275229AB864500059B0C /* BaseDesignPatternTests.xctest */,
				2309275C29AB864500059B0C /* BaseDesignPatternUITests.xctest */,
			);
			name = Products;
			sourceTree = "<group>";
		};
		2309274429AB864300059B0C /* BaseDesignPattern */ = {
			isa = PBXGroup;
			children = (
				2309274529AB864300059B0C /* BaseDesignPatternApp.swift */,
				2309274729AB864300059B0C /* ContentView.swift */,
				2309274929AB864400059B0C /* Assets.xcassets */,
				2309274B29AB864400059B0C /* Preview Content */,
				E82987847A0DCDC408E37B04 /* Base */,
				E82983AAB9CF3662F3C50C97 /* DesignPattern */,
				E829836C0DC17DBC43F087C7 /* References */,
			);
			path = BaseDesignPattern;
			sourceTree = "<group>";
		};
		2309274B29AB864400059B0C /* Preview Content */ = {
			isa = PBXGroup;
			children = (
				2309274C29AB864400059B0C /* Preview Assets.xcassets */,
			);
			path = "Preview Content";
			sourceTree = "<group>";
		};
		2309275529AB864500059B0C /* BaseDesignPatternTests */ = {
			isa = PBXGroup;
			children = (
				2309275629AB864500059B0C /* BaseDesignPatternTests.swift */,
			);
			path = BaseDesignPatternTests;
			sourceTree = "<group>";
		};
		2309275F29AB864500059B0C /* BaseDesignPatternUITests */ = {
			isa = PBXGroup;
			children = (
				2309276029AB864500059B0C /* BaseDesignPatternUITests.swift */,
				2309276229AB864500059B0C /* BaseDesignPatternUITestsLaunchTests.swift */,
			);
			path = BaseDesignPatternUITests;
			sourceTree = "<group>";
		};
		E82983AAB9CF3662F3C50C97 /* DesignPattern */ = {
			isa = PBXGroup;
			children = (
				E8298FE814F2F9DAFDDD9A9D /* CreativeDesign.swift */,
				E829825D48BCB0C8EF2FC6B5 /* StructuralDesign.swift */,
			);
			path = DesignPattern;
			sourceTree = "<group>";
		};
		E82987847A0DCDC408E37B04 /* Base */ = {
			isa = PBXGroup;
			children = (
				E82982CEA7514339799C94CE /* Base.swift */,
			);
			path = Base;
			sourceTree = "<group>";
		};
/* End PBXGroup section */

/* Begin PBXNativeTarget section */
		2309274129AB864300059B0C /* BaseDesignPattern */ = {
			isa = PBXNativeTarget;
			buildConfigurationList = 2309276629AB864500059B0C /* Build configuration list for PBXNativeTarget "BaseDesignPattern" */;
			buildPhases = (
				2309273E29AB864300059B0C /* Sources */,
				2309273F29AB864300059B0C /* Frameworks */,
				2309274029AB864300059B0C /* Resources */,
			);
			buildRules = (
			);
			dependencies = (
			);
			name = BaseDesignPattern;
			productName = BaseDesignPattern;
			productReference = 2309274229AB864300059B0C /* BaseDesignPattern.app */;
			productType = "com.apple.product-type.application";
		};
		2309275129AB864500059B0C /* BaseDesignPatternTests */ = {
			isa = PBXNativeTarget;
			buildConfigurationList = 2309276929AB864500059B0C /* Build configuration list for PBXNativeTarget "BaseDesignPatternTests" */;
			buildPhases = (
				2309274E29AB864500059B0C /* Sources */,
				2309274F29AB864500059B0C /* Frameworks */,
				2309275029AB864500059B0C /* Resources */,
			);
			buildRules = (
			);
			dependencies = (
				2309275429AB864500059B0C /* PBXTargetDependency */,
			);
			name = BaseDesignPatternTests;
			productName = BaseDesignPatternTests;
			productReference = 2309275229AB864500059B0C /* BaseDesignPatternTests.xctest */;
			productType = "com.apple.product-type.bundle.unit-test";
		};
		2309275B29AB864500059B0C /* BaseDesignPatternUITests */ = {
			isa = PBXNativeTarget;
			buildConfigurationList = 2309276C29AB864500059B0C /* Build configuration list for PBXNativeTarget "BaseDesignPatternUITests" */;
			buildPhases = (
				2309275829AB864500059B0C /* Sources */,
				2309275929AB864500059B0C /* Frameworks */,
				2309275A29AB864500059B0C /* Resources */,
			);
			buildRules = (
			);
			dependencies = (
				2309275E29AB864500059B0C /* PBXTargetDependency */,
			);
			name = BaseDesignPatternUITests;
			productName = BaseDesignPatternUITests;
			productReference = 2309275C29AB864500059B0C /* BaseDesignPatternUITests.xctest */;
			productType = "com.apple.product-type.bundle.ui-testing";
		};
/* End PBXNativeTarget section */

/* Begin PBXProject section */
		2309273A29AB864300059B0C /* Project object */ = {
			isa = PBXProject;
			attributes = {
				BuildIndependentTargetsInParallel = 1;
				LastSwiftUpdateCheck = 1420;
				LastUpgradeCheck = 1420;
				TargetAttributes = {
					2309274129AB864300059B0C = {
						CreatedOnToolsVersion = 14.2;
					};
					2309275129AB864500059B0C = {
						CreatedOnToolsVersion = 14.2;
						TestTargetID = 2309274129AB864300059B0C;
					};
					2309275B29AB864500059B0C = {
						CreatedOnToolsVersion = 14.2;
						TestTargetID = 2309274129AB864300059B0C;
					};
				};
			};
			buildConfigurationList = 2309273D29AB864300059B0C /* Build configuration list for PBXProject "BaseDesignPattern" */;
			compatibilityVersion = "Xcode 14.0";
			developmentRegion = en;
			hasScannedForEncodings = 0;
			knownRegions = (
				en,
				Base,
			);
			mainGroup = 2309273929AB864300059B0C;
			productRefGroup = 2309274329AB864300059B0C /* Products */;
			projectDirPath = "";
			projectRoot = "";
			targets = (
				2309274129AB864300059B0C /* BaseDesignPattern */,
				2309275129AB864500059B0C /* BaseDesignPatternTests */,
				2309275B29AB864500059B0C /* BaseDesignPatternUITests */,
			);
		};
/* End PBXProject section */

/* Begin PBXResourcesBuildPhase section */
		2309274029AB864300059B0C /* Resources */ = {
			isa = PBXResourcesBuildPhase;
			buildActionMask = 2147483647;
			files = (
				2309274D29AB864400059B0C /* Preview Assets.xcassets in Resources */,
				2309274A29AB864400059B0C /* Assets.xcassets in Resources */,
				E829811C2E42C84746E0D038 /* References in Resources */,
			);
			runOnlyForDeploymentPostprocessing = 0;
		};
		2309275029AB864500059B0C /* Resources */ = {
			isa = PBXResourcesBuildPhase;
			buildActionMask = 2147483647;
			files = (
			);
			runOnlyForDeploymentPostprocessing = 0;
		};
		2309275A29AB864500059B0C /* Resources */ = {
			isa = PBXResourcesBuildPhase;
			buildActionMask = 2147483647;
			files = (
			);
			runOnlyForDeploymentPostprocessing = 0;
		};
/* End PBXResourcesBuildPhase section */

/* Begin PBXSourcesBuildPhase section */
		2309273E29AB864300059B0C /* Sources */ = {
			isa = PBXSourcesBuildPhase;
			buildActionMask = 2147483647;
			files = (
				2309274829AB864300059B0C /* ContentView.swift in Sources */,
				2309274629AB864300059B0C /* BaseDesignPatternApp.swift in Sources */,
				E8298899BC2F85EE75307F1D /* Base.swift in Sources */,
				E8298A287E711DBA79B1F87F /* CreativeDesign.swift in Sources */,
				E8298C2F6BC409C3071440B3 /* StructuralDesign.swift in Sources */,
			);
			runOnlyForDeploymentPostprocessing = 0;
		};
		2309274E29AB864500059B0C /* Sources */ = {
			isa = PBXSourcesBuildPhase;
			buildActionMask = 2147483647;
			files = (
				2309275729AB864500059B0C /* BaseDesignPatternTests.swift in Sources */,
			);
			runOnlyForDeploymentPostprocessing = 0;
		};
		2309275829AB864500059B0C /* Sources */ = {
			isa = PBXSourcesBuildPhase;
			buildActionMask = 2147483647;
			files = (
				2309276329AB864500059B0C /* BaseDesignPatternUITestsLaunchTests.swift in Sources */,
				2309276129AB864500059B0C /* BaseDesignPatternUITests.swift in Sources */,
			);
			runOnlyForDeploymentPostprocessing = 0;
		};
/* End PBXSourcesBuildPhase section */

/* Begin PBXTargetDependency section */
		2309275429AB864500059B0C /* PBXTargetDependency */ = {
			isa = PBXTargetDependency;
			target = 2309274129AB864300059B0C /* BaseDesignPattern */;
			targetProxy = 2309275329AB864500059B0C /* PBXContainerItemProxy */;
		};
		2309275E29AB864500059B0C /* PBXTargetDependency */ = {
			isa = PBXTargetDependency;
			target = 2309274129AB864300059B0C /* BaseDesignPattern */;
			targetProxy = 2309275D29AB864500059B0C /* PBXContainerItemProxy */;
		};
/* End PBXTargetDependency section */

/* Begin XCBuildConfiguration section */
		2309276429AB864500059B0C /* Debug */ = {
			isa = XCBuildConfiguration;
			buildSettings = {
				ALWAYS_SEARCH_USER_PATHS = NO;
				CLANG_ANALYZER_NONNULL = YES;
				CLANG_ANALYZER_NUMBER_OBJECT_CONVERSION = YES_AGGRESSIVE;
				CLANG_CXX_LANGUAGE_STANDARD = "gnu++20";
				CLANG_ENABLE_MODULES = YES;
				CLANG_ENABLE_OBJC_ARC = YES;
				CLANG_ENABLE_OBJC_WEAK = YES;
				CLANG_WARN_BLOCK_CAPTURE_AUTORELEASING = YES;
				CLANG_WARN_BOOL_CONVERSION = YES;
				CLANG_WARN_COMMA = YES;
				CLANG_WARN_CONSTANT_CONVERSION = YES;
				CLANG_WARN_DEPRECATED_OBJC_IMPLEMENTATIONS = YES;
				CLANG_WARN_DIRECT_OBJC_ISA_USAGE = YES_ERROR;
				CLANG_WARN_DOCUMENTATION_COMMENTS = YES;
				CLANG_WARN_EMPTY_BODY = YES;
				CLANG_WARN_ENUM_CONVERSION = YES;
				CLANG_WARN_INFINITE_RECURSION = YES;
				CLANG_WARN_INT_CONVERSION = YES;
				CLANG_WARN_NON_LITERAL_NULL_CONVERSION = YES;
				CLANG_WARN_OBJC_IMPLICIT_RETAIN_SELF = YES;
				CLANG_WARN_OBJC_LITERAL_CONVERSION = YES;
				CLANG_WARN_OBJC_ROOT_CLASS = YES_ERROR;
				CLANG_WARN_QUOTED_INCLUDE_IN_FRAMEWORK_HEADER = YES;
				CLANG_WARN_RANGE_LOOP_ANALYSIS = YES;
				CLANG_WARN_STRICT_PROTOTYPES = YES;
				CLANG_WARN_SUSPICIOUS_MOVE = YES;
				CLANG_WARN_UNGUARDED_AVAILABILITY = YES_AGGRESSIVE;
				CLANG_WARN_UNREACHABLE_CODE = YES;
				CLANG_WARN__DUPLICATE_METHOD_MATCH = YES;
				COPY_PHASE_STRIP = NO;
				DEBUG_INFORMATION_FORMAT = dwarf;
				ENABLE_STRICT_OBJC_MSGSEND = YES;
				ENABLE_TESTABILITY = YES;
				GCC_C_LANGUAGE_STANDARD = gnu11;
				GCC_DYNAMIC_NO_PIC = NO;
				GCC_NO_COMMON_BLOCKS = YES;
				GCC_OPTIMIZATION_LEVEL = 0;
				GCC_PREPROCESSOR_DEFINITIONS = (
					"DEBUG=1",
					"$(inherited)",
				);
				GCC_WARN_64_TO_32_BIT_CONVERSION = YES;
				GCC_WARN_ABOUT_RETURN_TYPE = YES_ERROR;
				GCC_WARN_UNDECLARED_SELECTOR = YES;
				GCC_WARN_UNINITIALIZED_AUTOS = YES_AGGRESSIVE;
				GCC_WARN_UNUSED_FUNCTION = YES;
				GCC_WARN_UNUSED_VARIABLE = YES;
				IPHONEOS_DEPLOYMENT_TARGET = 16.2;
				MTL_ENABLE_DEBUG_INFO = INCLUDE_SOURCE;
				MTL_FAST_MATH = YES;
				ONLY_ACTIVE_ARCH = YES;
				SDKROOT = iphoneos;
				SWIFT_ACTIVE_COMPILATION_CONDITIONS = DEBUG;
				SWIFT_OPTIMIZATION_LEVEL = "-Onone";
			};
			name = Debug;
		};
		2309276529AB864500059B0C /* Release */ = {
			isa = XCBuildConfiguration;
			buildSettings = {
				ALWAYS_SEARCH_USER_PATHS = NO;
				CLANG_ANALYZER_NONNULL = YES;
				CLANG_ANALYZER_NUMBER_OBJECT_CONVERSION = YES_AGGRESSIVE;
				CLANG_CXX_LANGUAGE_STANDARD = "gnu++20";
				CLANG_ENABLE_MODULES = YES;
				CLANG_ENABLE_OBJC_ARC = YES;
				CLANG_ENABLE_OBJC_WEAK = YES;
				CLANG_WARN_BLOCK_CAPTURE_AUTORELEASING = YES;
				CLANG_WARN_BOOL_CONVERSION = YES;
				CLANG_WARN_COMMA = YES;
				CLANG_WARN_CONSTANT_CONVERSION = YES;
				CLANG_WARN_DEPRECATED_OBJC_IMPLEMENTATIONS = YES;
				CLANG_WARN_DIRECT_OBJC_ISA_USAGE = YES_ERROR;
				CLANG_WARN_DOCUMENTATION_COMMENTS = YES;
				CLANG_WARN_EMPTY_BODY = YES;
				CLANG_WARN_ENUM_CONVERSION = YES;
				CLANG_WARN_INFINITE_RECURSION = YES;
				CLANG_WARN_INT_CONVERSION = YES;
				CLANG_WARN_NON_LITERAL_NULL_CONVERSION = YES;
				CLANG_WARN_OBJC_IMPLICIT_RETAIN_SELF = YES;
				CLANG_WARN_OBJC_LITERAL_CONVERSION = YES;
				CLANG_WARN_OBJC_ROOT_CLASS = YES_ERROR;
				CLANG_WARN_QUOTED_INCLUDE_IN_FRAMEWORK_HEADER = YES;
				CLANG_WARN_RANGE_LOOP_ANALYSIS = YES;
				CLANG_WARN_STRICT_PROTOTYPES = YES;
				CLANG_WARN_SUSPICIOUS_MOVE = YES;
				CLANG_WARN_UNGUARDED_AVAILABILITY = YES_AGGRESSIVE;
				CLANG_WARN_UNREACHABLE_CODE = YES;
				CLANG_WARN__DUPLICATE_METHOD_MATCH = YES;
				COPY_PHASE_STRIP = NO;
				DEBUG_INFORMATION_FORMAT = "dwarf-with-dsym";
				ENABLE_NS_ASSERTIONS = NO;
				ENABLE_STRICT_OBJC_MSGSEND = YES;
				GCC_C_LANGUAGE_STANDARD = gnu11;
				GCC_NO_COMMON_BLOCKS = YES;
				GCC_WARN_64_TO_32_BIT_CONVERSION = YES;
				GCC_WARN_ABOUT_RETURN_TYPE = YES_ERROR;
				GCC_WARN_UNDECLARED_SELECTOR = YES;
				GCC_WARN_UNINITIALIZED_AUTOS = YES_AGGRESSIVE;
				GCC_WARN_UNUSED_FUNCTION = YES;
				GCC_WARN_UNUSED_VARIABLE = YES;
				IPHONEOS_DEPLOYMENT_TARGET = 16.2;
				MTL_ENABLE_DEBUG_INFO = NO;
				MTL_FAST_MATH = YES;
				SDKROOT = iphoneos;
				SWIFT_COMPILATION_MODE = wholemodule;
				SWIFT_OPTIMIZATION_LEVEL = "-O";
				VALIDATE_PRODUCT = YES;
			};
			name = Release;
		};
		2309276729AB864500059B0C /* Debug */ = {
			isa = XCBuildConfiguration;
			buildSettings = {
				ASSETCATALOG_COMPILER_APPICON_NAME = AppIcon;
				ASSETCATALOG_COMPILER_GLOBAL_ACCENT_COLOR_NAME = AccentColor;
				CODE_SIGN_STYLE = Automatic;
				CURRENT_PROJECT_VERSION = 1;
				DEVELOPMENT_ASSET_PATHS = "\"BaseDesignPattern/Preview Content\"";
				DEVELOPMENT_TEAM = KWNMNWEFB6;
				ENABLE_PREVIEWS = YES;
				GENERATE_INFOPLIST_FILE = YES;
				INFOPLIST_KEY_UIApplicationSceneManifest_Generation = YES;
				INFOPLIST_KEY_UIApplicationSupportsIndirectInputEvents = YES;
				INFOPLIST_KEY_UILaunchScreen_Generation = YES;
				INFOPLIST_KEY_UISupportedInterfaceOrientations_iPad = "UIInterfaceOrientationPortrait UIInterfaceOrientationPortraitUpsideDown UIInterfaceOrientationLandscapeLeft UIInterfaceOrientationLandscapeRight";
				INFOPLIST_KEY_UISupportedInterfaceOrientations_iPhone = "UIInterfaceOrientationPortrait UIInterfaceOrientationLandscapeLeft UIInterfaceOrientationLandscapeRight";
				LD_RUNPATH_SEARCH_PATHS = (
					"$(inherited)",
					"@executable_path/Frameworks",
				);
				MARKETING_VERSION = 1.0;
				PRODUCT_BUNDLE_IDENTIFIER = com.wlm.mobile.BaseDesignPattern;
				PRODUCT_NAME = "$(TARGET_NAME)";
				SWIFT_EMIT_LOC_STRINGS = YES;
				SWIFT_VERSION = 5.0;
				TARGETED_DEVICE_FAMILY = "1,2";
			};
			name = Debug;
		};
		2309276829AB864500059B0C /* Release */ = {
			isa = XCBuildConfiguration;
			buildSettings = {
				ASSETCATALOG_COMPILER_APPICON_NAME = AppIcon;
				ASSETCATALOG_COMPILER_GLOBAL_ACCENT_COLOR_NAME = AccentColor;
				CODE_SIGN_STYLE = Automatic;
				CURRENT_PROJECT_VERSION = 1;
				DEVELOPMENT_ASSET_PATHS = "\"BaseDesignPattern/Preview Content\"";
				DEVELOPMENT_TEAM = KWNMNWEFB6;
				ENABLE_PREVIEWS = YES;
				GENERATE_INFOPLIST_FILE = YES;
				INFOPLIST_KEY_UIApplicationSceneManifest_Generation = YES;
				INFOPLIST_KEY_UIApplicationSupportsIndirectInputEvents = YES;
				INFOPLIST_KEY_UILaunchScreen_Generation = YES;
				INFOPLIST_KEY_UISupportedInterfaceOrientations_iPad = "UIInterfaceOrientationPortrait UIInterfaceOrientationPortraitUpsideDown UIInterfaceOrientationLandscapeLeft UIInterfaceOrientationLandscapeRight";
				INFOPLIST_KEY_UISupportedInterfaceOrientations_iPhone = "UIInterfaceOrientationPortrait UIInterfaceOrientationLandscapeLeft UIInterfaceOrientationLandscapeRight";
				LD_RUNPATH_SEARCH_PATHS = (
					"$(inherited)",
					"@executable_path/Frameworks",
				);
				MARKETING_VERSION = 1.0;
				PRODUCT_BUNDLE_IDENTIFIER = com.wlm.mobile.BaseDesignPattern;
				PRODUCT_NAME = "$(TARGET_NAME)";
				SWIFT_EMIT_LOC_STRINGS = YES;
				SWIFT_VERSION = 5.0;
				TARGETED_DEVICE_FAMILY = "1,2";
			};
			name = Release;
		};
		2309276A29AB864500059B0C /* Debug */ = {
			isa = XCBuildConfiguration;
			buildSettings = {
				ALWAYS_EMBED_SWIFT_STANDARD_LIBRARIES = YES;
				BUNDLE_LOADER = "$(TEST_HOST)";
				CODE_SIGN_STYLE = Automatic;
				CURRENT_PROJECT_VERSION = 1;
				DEVELOPMENT_TEAM = KWNMNWEFB6;
				GENERATE_INFOPLIST_FILE = YES;
				IPHONEOS_DEPLOYMENT_TARGET = 16.2;
				MARKETING_VERSION = 1.0;
				PRODUCT_BUNDLE_IDENTIFIER = com.wlm.mobile.BaseDesignPatternTests;
				PRODUCT_NAME = "$(TARGET_NAME)";
				SWIFT_EMIT_LOC_STRINGS = NO;
				SWIFT_VERSION = 5.0;
				TARGETED_DEVICE_FAMILY = "1,2";
				TEST_HOST = "$(BUILT_PRODUCTS_DIR)/BaseDesignPattern.app/$(BUNDLE_EXECUTABLE_FOLDER_PATH)/BaseDesignPattern";
			};
			name = Debug;
		};
		2309276B29AB864500059B0C /* Release */ = {
			isa = XCBuildConfiguration;
			buildSettings = {
				ALWAYS_EMBED_SWIFT_STANDARD_LIBRARIES = YES;
				BUNDLE_LOADER = "$(TEST_HOST)";
				CODE_SIGN_STYLE = Automatic;
				CURRENT_PROJECT_VERSION = 1;
				DEVELOPMENT_TEAM = KWNMNWEFB6;
				GENERATE_INFOPLIST_FILE = YES;
				IPHONEOS_DEPLOYMENT_TARGET = 16.2;
				MARKETING_VERSION = 1.0;
				PRODUCT_BUNDLE_IDENTIFIER = com.wlm.mobile.BaseDesignPatternTests;
				PRODUCT_NAME = "$(TARGET_NAME)";
				SWIFT_EMIT_LOC_STRINGS = NO;
				SWIFT_VERSION = 5.0;
				TARGETED_DEVICE_FAMILY = "1,2";
				TEST_HOST = "$(BUILT_PRODUCTS_DIR)/BaseDesignPattern.app/$(BUNDLE_EXECUTABLE_FOLDER_PATH)/BaseDesignPattern";
			};
			name = Release;
		};
		2309276D29AB864500059B0C /* Debug */ = {
			isa = XCBuildConfiguration;
			buildSettings = {
				ALWAYS_EMBED_SWIFT_STANDARD_LIBRARIES = YES;
				CODE_SIGN_STYLE = Automatic;
				CURRENT_PROJECT_VERSION = 1;
				DEVELOPMENT_TEAM = KWNMNWEFB6;
				GENERATE_INFOPLIST_FILE = YES;
				MARKETING_VERSION = 1.0;
				PRODUCT_BUNDLE_IDENTIFIER = com.wlm.mobile.BaseDesignPatternUITests;
				PRODUCT_NAME = "$(TARGET_NAME)";
				SWIFT_EMIT_LOC_STRINGS = NO;
				SWIFT_VERSION = 5.0;
				TARGETED_DEVICE_FAMILY = "1,2";
				TEST_TARGET_NAME = BaseDesignPattern;
			};
			name = Debug;
		};
		2309276E29AB864500059B0C /* Release */ = {
			isa = XCBuildConfiguration;
			buildSettings = {
				ALWAYS_EMBED_SWIFT_STANDARD_LIBRARIES = YES;
				CODE_SIGN_STYLE = Automatic;
				CURRENT_PROJECT_VERSION = 1;
				DEVELOPMENT_TEAM = KWNMNWEFB6;
				GENERATE_INFOPLIST_FILE = YES;
				MARKETING_VERSION = 1.0;
				PRODUCT_BUNDLE_IDENTIFIER = com.wlm.mobile.BaseDesignPatternUITests;
				PRODUCT_NAME = "$(TARGET_NAME)";
				SWIFT_EMIT_LOC_STRINGS = NO;
				SWIFT_VERSION = 5.0;
				TARGETED_DEVICE_FAMILY = "1,2";
				TEST_TARGET_NAME = BaseDesignPattern;
			};
			name = Release;
		};
/* End XCBuildConfiguration section */

/* Begin XCConfigurationList section */
		2309273D29AB864300059B0C /* Build configuration list for PBXProject "BaseDesignPattern" */ = {
			isa = XCConfigurationList;
			buildConfigurations = (
				2309276429AB864500059B0C /* Debug */,
				2309276529AB864500059B0C /* Release */,
			);
			defaultConfigurationIsVisible = 0;
			defaultConfigurationName = Release;
		};
		2309276629AB864500059B0C /* Build configuration list for PBXNativeTarget "BaseDesignPattern" */ = {
			isa = XCConfigurationList;
			buildConfigurations = (
				2309276729AB864500059B0C /* Debug */,
				2309276829AB864500059B0C /* Release */,
			);
			defaultConfigurationIsVisible = 0;
			defaultConfigurationName = Release;
		};
		2309276929AB864500059B0C /* Build configuration list for PBXNativeTarget "BaseDesignPatternTests" */ = {
			isa = XCConfigurationList;
			buildConfigurations = (
				2309276A29AB864500059B0C /* Debug */,
				2309276B29AB864500059B0C /* Release */,
			);
			defaultConfigurationIsVisible = 0;
			defaultConfigurationName = Release;
		};
		2309276C29AB864500059B0C /* Build configuration list for PBXNativeTarget "BaseDesignPatternUITests" */ = {
			isa = XCConfigurationList;
			buildConfigurations = (
				2309276D29AB864500059B0C /* Debug */,
				2309276E29AB864500059B0C /* Release */,
			);
			defaultConfigurationIsVisible = 0;
			defaultConfigurationName = Release;
		};
/* End XCConfigurationList section */
	};
	rootObject = 2309273A29AB864300059B0C /* Project object */;
}
